PODS:
  - Alamofire (4.9.1)
  - AliyunOSSiOS (2.10.16)
  - AWSCore (2.25.0)
  - AWSS3 (2.25.0):
    - AWSCore (= 2.25.0)
  - CocoaLumberjack/Core (3.7.4)
  - CocoaLumberjack/Swift (3.7.4):
    - CocoaLumberjack/Core
  - HandyJSON (5.0.2)
  - Localize-Swift (3.2.0):
    - Localize-Swift/LocalizeSwiftCore (= 3.2.0)
    - Localize-Swift/UIKit (= 3.2.0)
  - Localize-Swift/LocalizeSwiftCore (3.2.0)
  - Localize-Swift/UIKit (3.2.0):
    - Localize-Swift/LocalizeSwiftCore
  - Masonry (1.1.0)
  - MJRefresh (3.7.5)
  - MMKV (1.2.14):
    - MMKVCore (~> 1.2.14)
  - MMKVCore (1.2.14)
  - "NSObject+Rx (5.2.2)":
    - RxSwift (~> 6.2)
  - PINCache (3.0.3):
    - PINCache/Arc-exception-safe (= 3.0.3)
    - PINCache/Core (= 3.0.3)
  - PINCache/Arc-exception-safe (3.0.3):
    - PINCache/Core
  - PINCache/Core (3.0.3):
    - PINOperation (~> 1.2.1)
  - PINOperation (1.2.2)
  - PINRemoteImage/Core (3.0.3):
    - PINOperation
  - PINRemoteImage/iOS (3.0.3):
    - PINRemoteImage/Core
  - PINRemoteImage/PINCache (3.0.3):
    - PINCache (~> 3.0.3)
    - PINRemoteImage/Core
  - QMUIKit (4.3.0):
    - QMUIKit/QMUIComponents (= 4.3.0)
    - QMUIKit/QMUICore (= 4.3.0)
    - QMUIKit/QMUILog (= 4.3.0)
    - QMUIKit/QMUIMainFrame (= 4.3.0)
    - QMUIKit/QMUIResources (= 4.3.0)
    - QMUIKit/QMUIWeakObjectContainer (= 4.3.0)
  - QMUIKit/QMUIComponents (4.3.0):
    - QMUIKit/QMUIComponents/NavigationBarTransition (= 4.3.0)
    - QMUIKit/QMUIComponents/QMUIAlertController (= 4.3.0)
    - QMUIKit/QMUIComponents/QMUIAnimation (= 4.3.0)
    - QMUIKit/QMUIComponents/QMUIAppearance (= 4.3.0)
    - QMUIKit/QMUIComponents/QMUIAssetLibrary (= 4.3.0)
    - QMUIKit/QMUIComponents/QMUIBadge (= 4.3.0)
    - QMUIKit/QMUIComponents/QMUIButton (= 4.3.0)
    - QMUIKit/QMUIComponents/QMUICAAnimationExtension (= 4.3.0)
    - QMUIKit/QMUIComponents/QMUICALayerExtension (= 4.3.0)
    - QMUIKit/QMUIComponents/QMUICellHeightCache (= 4.3.0)
    - QMUIKit/QMUIComponents/QMUICellHeightKeyCache (= 4.3.0)
    - QMUIKit/QMUIComponents/QMUICellSizeKeyCache (= 4.3.0)
    - QMUIKit/QMUIComponents/QMUICollectionViewPagingLayout (= 4.3.0)
    - QMUIKit/QMUIComponents/QMUIConsole (= 4.3.0)
    - QMUIKit/QMUIComponents/QMUIDialogViewController (= 4.3.0)
    - QMUIKit/QMUIComponents/QMUIEmotionInputManager (= 4.3.0)
    - QMUIKit/QMUIComponents/QMUIEmotionView (= 4.3.0)
    - QMUIKit/QMUIComponents/QMUIEmptyView (= 4.3.0)
    - QMUIKit/QMUIComponents/QMUIFillButton (= 4.3.0)
    - QMUIKit/QMUIComponents/QMUIFloatLayoutView (= 4.3.0)
    - QMUIKit/QMUIComponents/QMUIGhostButton (= 4.3.0)
    - QMUIKit/QMUIComponents/QMUIGridView (= 4.3.0)
    - QMUIKit/QMUIComponents/QMUIImagePickerLibrary (= 4.3.0)
    - QMUIKit/QMUIComponents/QMUIImagePreviewView (= 4.3.0)
    - QMUIKit/QMUIComponents/QMUIKeyboardManager (= 4.3.0)
    - QMUIKit/QMUIComponents/QMUILabel (= 4.3.0)
    - QMUIKit/QMUIComponents/QMUILogManagerViewController (= 4.3.0)
    - QMUIKit/QMUIComponents/QMUILogWithConfigurationSupported (= 4.3.0)
    - QMUIKit/QMUIComponents/QMUIMarqueeLabel (= 4.3.0)
    - QMUIKit/QMUIComponents/QMUIModalPresentationViewController (= 4.3.0)
    - QMUIKit/QMUIComponents/QMUIMoreOperationController (= 4.3.0)
    - QMUIKit/QMUIComponents/QMUIMultipleDelegates (= 4.3.0)
    - QMUIKit/QMUIComponents/QMUINavigationButton (= 4.3.0)
    - QMUIKit/QMUIComponents/QMUINavigationTitleView (= 4.3.0)
    - QMUIKit/QMUIComponents/QMUIOrderedDictionary (= 4.3.0)
    - QMUIKit/QMUIComponents/QMUIPieProgressView (= 4.3.0)
    - QMUIKit/QMUIComponents/QMUIPopupContainerView (= 4.3.0)
    - QMUIKit/QMUIComponents/QMUIPopupMenuView (= 4.3.0)
    - QMUIKit/QMUIComponents/QMUIScrollAnimator (= 4.3.0)
    - QMUIKit/QMUIComponents/QMUISearchBar (= 4.3.0)
    - QMUIKit/QMUIComponents/QMUISearchController (= 4.3.0)
    - QMUIKit/QMUIComponents/QMUISegmentedControl (= 4.3.0)
    - QMUIKit/QMUIComponents/QMUISlider (= 4.3.0)
    - QMUIKit/QMUIComponents/QMUIStaticTableView (= 4.3.0)
    - QMUIKit/QMUIComponents/QMUITableView (= 4.3.0)
    - QMUIKit/QMUIComponents/QMUITableViewCell (= 4.3.0)
    - QMUIKit/QMUIComponents/QMUITableViewHeaderFooterView (= 4.3.0)
    - QMUIKit/QMUIComponents/QMUITableViewProtocols (= 4.3.0)
    - QMUIKit/QMUIComponents/QMUITestView (= 4.3.0)
    - QMUIKit/QMUIComponents/QMUITextField (= 4.3.0)
    - QMUIKit/QMUIComponents/QMUITextView (= 4.3.0)
    - QMUIKit/QMUIComponents/QMUITheme (= 4.3.0)
    - QMUIKit/QMUIComponents/QMUITips (= 4.3.0)
    - QMUIKit/QMUIComponents/QMUIToastView (= 4.3.0)
    - QMUIKit/QMUIComponents/QMUIToolbarButton (= 4.3.0)
    - QMUIKit/QMUIComponents/QMUIWindowSizeMonitor (= 4.3.0)
    - QMUIKit/QMUIComponents/QMUIZoomImageView (= 4.3.0)
    - QMUIKit/QMUICore
  - QMUIKit/QMUIComponents/NavigationBarTransition (4.3.0):
    - QMUIKit/QMUIComponents/QMUINavigationTitleView
    - QMUIKit/QMUICore
    - QMUIKit/QMUIMainFrame
  - QMUIKit/QMUIComponents/QMUIAlertController (4.3.0):
    - QMUIKit/QMUIComponents/QMUIAppearance
    - QMUIKit/QMUIComponents/QMUIButton
    - QMUIKit/QMUIComponents/QMUIKeyboardManager
    - QMUIKit/QMUIComponents/QMUILabel
    - QMUIKit/QMUIComponents/QMUIModalPresentationViewController
    - QMUIKit/QMUIComponents/QMUITextField
    - QMUIKit/QMUICore
  - QMUIKit/QMUIComponents/QMUIAnimation (4.3.0):
    - QMUIKit/QMUICore
  - QMUIKit/QMUIComponents/QMUIAppearance (4.3.0):
    - QMUIKit/QMUICore
  - QMUIKit/QMUIComponents/QMUIAssetLibrary (4.3.0):
    - QMUIKit/QMUICore
  - QMUIKit/QMUIComponents/QMUIBadge (4.3.0):
    - QMUIKit/QMUIComponents/QMUILabel
    - QMUIKit/QMUICore
  - QMUIKit/QMUIComponents/QMUIButton (4.3.0):
    - QMUIKit/QMUICore
  - QMUIKit/QMUIComponents/QMUICAAnimationExtension (4.3.0):
    - QMUIKit/QMUIComponents/QMUIMultipleDelegates
    - QMUIKit/QMUICore
  - QMUIKit/QMUIComponents/QMUICALayerExtension (4.3.0):
    - QMUIKit/QMUIComponents/QMUIMultipleDelegates
    - QMUIKit/QMUICore
  - QMUIKit/QMUIComponents/QMUICellHeightCache (4.3.0):
    - QMUIKit/QMUIComponents/QMUITableViewProtocols
    - QMUIKit/QMUICore
  - QMUIKit/QMUIComponents/QMUICellHeightKeyCache (4.3.0):
    - QMUIKit/QMUIComponents/QMUIMultipleDelegates
    - QMUIKit/QMUIComponents/QMUITableViewProtocols
    - QMUIKit/QMUICore
  - QMUIKit/QMUIComponents/QMUICellSizeKeyCache (4.3.0):
    - QMUIKit/QMUIComponents/QMUIMultipleDelegates
    - QMUIKit/QMUICore
  - QMUIKit/QMUIComponents/QMUICollectionViewPagingLayout (4.3.0):
    - QMUIKit/QMUICore
  - QMUIKit/QMUIComponents/QMUIConsole (4.3.0):
    - QMUIKit/QMUIComponents/QMUIButton
    - QMUIKit/QMUIComponents/QMUICAAnimationExtension
    - QMUIKit/QMUIComponents/QMUICellHeightKeyCache
    - QMUIKit/QMUIComponents/QMUIPopupMenuView
    - QMUIKit/QMUIComponents/QMUITableView
    - QMUIKit/QMUIComponents/QMUITableViewCell
    - QMUIKit/QMUIComponents/QMUITextField
    - QMUIKit/QMUIComponents/QMUITextView
    - QMUIKit/QMUICore
    - QMUIKit/QMUIResources
  - QMUIKit/QMUIComponents/QMUIDialogViewController (4.3.0):
    - QMUIKit/QMUIComponents/QMUIAppearance
    - QMUIKit/QMUIComponents/QMUIButton
    - QMUIKit/QMUIComponents/QMUILabel
    - QMUIKit/QMUIComponents/QMUIModalPresentationViewController
    - QMUIKit/QMUIComponents/QMUINavigationTitleView
    - QMUIKit/QMUIComponents/QMUITableView
    - QMUIKit/QMUIComponents/QMUITableViewCell
    - QMUIKit/QMUIComponents/QMUITextField
    - QMUIKit/QMUICore
    - QMUIKit/QMUIMainFrame
  - QMUIKit/QMUIComponents/QMUIEmotionInputManager (4.3.0):
    - QMUIKit/QMUIComponents/QMUIEmotionView
    - QMUIKit/QMUICore
  - QMUIKit/QMUIComponents/QMUIEmotionView (4.3.0):
    - QMUIKit/QMUIComponents/QMUIButton
    - QMUIKit/QMUICore
    - QMUIKit/QMUIResources
  - QMUIKit/QMUIComponents/QMUIEmptyView (4.3.0):
    - QMUIKit/QMUIComponents/QMUIAppearance
    - QMUIKit/QMUIComponents/QMUIButton
    - QMUIKit/QMUICore
  - QMUIKit/QMUIComponents/QMUIFillButton (4.3.0):
    - QMUIKit/QMUIComponents/QMUIButton
    - QMUIKit/QMUICore
  - QMUIKit/QMUIComponents/QMUIFloatLayoutView (4.3.0):
    - QMUIKit/QMUICore
  - QMUIKit/QMUIComponents/QMUIGhostButton (4.3.0):
    - QMUIKit/QMUIComponents/QMUIButton
    - QMUIKit/QMUICore
  - QMUIKit/QMUIComponents/QMUIGridView (4.3.0):
    - QMUIKit/QMUICore
  - QMUIKit/QMUIComponents/QMUIImagePickerLibrary (4.3.0):
    - QMUIKit/QMUIComponents/QMUIAlertController
    - QMUIKit/QMUIComponents/QMUIAppearance
    - QMUIKit/QMUIComponents/QMUIAssetLibrary
    - QMUIKit/QMUIComponents/QMUIButton
    - QMUIKit/QMUIComponents/QMUIEmptyView
    - QMUIKit/QMUIComponents/QMUIImagePreviewView
    - QMUIKit/QMUIComponents/QMUINavigationButton
    - QMUIKit/QMUIComponents/QMUITableViewCell
    - QMUIKit/QMUIComponents/QMUIZoomImageView
    - QMUIKit/QMUICore
    - QMUIKit/QMUIMainFrame
    - QMUIKit/QMUIResources
  - QMUIKit/QMUIComponents/QMUIImagePreviewView (4.3.0):
    - QMUIKit/QMUIComponents/QMUIAppearance
    - QMUIKit/QMUIComponents/QMUIButton
    - QMUIKit/QMUIComponents/QMUICollectionViewPagingLayout
    - QMUIKit/QMUIComponents/QMUIEmptyView
    - QMUIKit/QMUIComponents/QMUIPieProgressView
    - QMUIKit/QMUIComponents/QMUIZoomImageView
    - QMUIKit/QMUICore
    - QMUIKit/QMUIMainFrame
  - QMUIKit/QMUIComponents/QMUIKeyboardManager (4.3.0):
    - QMUIKit/QMUIComponents/QMUIAppearance
    - QMUIKit/QMUIComponents/QMUIMultipleDelegates
    - QMUIKit/QMUICore
  - QMUIKit/QMUIComponents/QMUILabel (4.3.0):
    - QMUIKit/QMUICore
  - QMUIKit/QMUIComponents/QMUILogManagerViewController (4.3.0):
    - QMUIKit/QMUIComponents/QMUIPopupMenuView
    - QMUIKit/QMUIComponents/QMUISearchController
    - QMUIKit/QMUIComponents/QMUIStaticTableView
    - QMUIKit/QMUIComponents/QMUITableView
    - QMUIKit/QMUICore
    - QMUIKit/QMUIMainFrame
  - QMUIKit/QMUIComponents/QMUILogWithConfigurationSupported (4.3.0):
    - QMUIKit/QMUICore
  - QMUIKit/QMUIComponents/QMUIMarqueeLabel (4.3.0):
    - QMUIKit/QMUICore
  - QMUIKit/QMUIComponents/QMUIModalPresentationViewController (4.3.0):
    - QMUIKit/QMUIComponents/QMUIAppearance
    - QMUIKit/QMUIComponents/QMUIKeyboardManager
    - QMUIKit/QMUICore
  - QMUIKit/QMUIComponents/QMUIMoreOperationController (4.3.0):
    - QMUIKit/QMUIComponents/QMUIAppearance
    - QMUIKit/QMUIComponents/QMUIButton
    - QMUIKit/QMUIComponents/QMUIModalPresentationViewController
    - QMUIKit/QMUICore
  - QMUIKit/QMUIComponents/QMUIMultipleDelegates (4.3.0):
    - QMUIKit/QMUICore
  - QMUIKit/QMUIComponents/QMUINavigationButton (4.3.0):
    - QMUIKit/QMUICore
    - QMUIKit/QMUIMainFrame
  - QMUIKit/QMUIComponents/QMUINavigationTitleView (4.3.0):
    - QMUIKit/QMUIComponents/QMUIAppearance
    - QMUIKit/QMUIComponents/QMUIButton
    - QMUIKit/QMUICore
  - QMUIKit/QMUIComponents/QMUIOrderedDictionary (4.3.0):
    - QMUIKit/QMUICore
  - QMUIKit/QMUIComponents/QMUIPieProgressView (4.3.0):
    - QMUIKit/QMUICore
  - QMUIKit/QMUIComponents/QMUIPopupContainerView (4.3.0):
    - QMUIKit/QMUIComponents/QMUIAppearance
    - QMUIKit/QMUICore
    - QMUIKit/QMUIMainFrame
  - QMUIKit/QMUIComponents/QMUIPopupMenuView (4.3.0):
    - QMUIKit/QMUIComponents/QMUIButton
    - QMUIKit/QMUIComponents/QMUIPopupContainerView
    - QMUIKit/QMUICore
  - QMUIKit/QMUIComponents/QMUIScrollAnimator (4.3.0):
    - QMUIKit/QMUIComponents/QMUIMultipleDelegates
    - QMUIKit/QMUICore
  - QMUIKit/QMUIComponents/QMUISearchBar (4.3.0):
    - QMUIKit/QMUICore
  - QMUIKit/QMUIComponents/QMUISearchController (4.3.0):
    - QMUIKit/QMUIComponents/QMUIEmptyView
    - QMUIKit/QMUIComponents/QMUISearchBar
    - QMUIKit/QMUICore
    - QMUIKit/QMUIMainFrame
  - QMUIKit/QMUIComponents/QMUISegmentedControl (4.3.0):
    - QMUIKit/QMUICore
  - QMUIKit/QMUIComponents/QMUISlider (4.3.0):
    - QMUIKit/QMUICore
  - QMUIKit/QMUIComponents/QMUIStaticTableView (4.3.0):
    - QMUIKit/QMUIComponents/QMUIMultipleDelegates
    - QMUIKit/QMUIComponents/QMUITableViewCell
    - QMUIKit/QMUICore
  - QMUIKit/QMUIComponents/QMUITableView (4.3.0):
    - QMUIKit/QMUIComponents/QMUITableViewProtocols
    - QMUIKit/QMUICore
  - QMUIKit/QMUIComponents/QMUITableViewCell (4.3.0):
    - QMUIKit/QMUIComponents/QMUIButton
    - QMUIKit/QMUICore
  - QMUIKit/QMUIComponents/QMUITableViewHeaderFooterView (4.3.0):
    - QMUIKit/QMUICore
  - QMUIKit/QMUIComponents/QMUITableViewProtocols (4.3.0):
    - QMUIKit/QMUICore
  - QMUIKit/QMUIComponents/QMUITestView (4.3.0):
    - QMUIKit/QMUICore
  - QMUIKit/QMUIComponents/QMUITextField (4.3.0):
    - QMUIKit/QMUIComponents/QMUIMultipleDelegates
    - QMUIKit/QMUICore
  - QMUIKit/QMUIComponents/QMUITextView (4.3.0):
    - QMUIKit/QMUIComponents/QMUILabel
    - QMUIKit/QMUIComponents/QMUIMultipleDelegates
    - QMUIKit/QMUICore
  - QMUIKit/QMUIComponents/QMUITheme (4.3.0):
    - QMUIKit/QMUIComponents/QMUIAlertController
    - QMUIKit/QMUIComponents/QMUIBadge
    - QMUIKit/QMUIComponents/QMUIButton
    - QMUIKit/QMUIComponents/QMUIConsole
    - QMUIKit/QMUIComponents/QMUIEmotionView
    - QMUIKit/QMUIComponents/QMUIEmptyView
    - QMUIKit/QMUIComponents/QMUIFillButton
    - QMUIKit/QMUIComponents/QMUIGhostButton
    - QMUIKit/QMUIComponents/QMUIGridView
    - QMUIKit/QMUIComponents/QMUIImagePickerLibrary
    - QMUIKit/QMUIComponents/QMUIImagePreviewView
    - QMUIKit/QMUIComponents/QMUILabel
    - QMUIKit/QMUIComponents/QMUIModalPresentationViewController
    - QMUIKit/QMUIComponents/QMUIPopupContainerView
    - QMUIKit/QMUIComponents/QMUIPopupMenuView
    - QMUIKit/QMUIComponents/QMUISlider
    - QMUIKit/QMUIComponents/QMUITextField
    - QMUIKit/QMUIComponents/QMUITextView
    - QMUIKit/QMUIComponents/QMUIToastView
    - QMUIKit/QMUICore
  - QMUIKit/QMUIComponents/QMUITips (4.3.0):
    - QMUIKit/QMUIComponents/QMUIToastView
    - QMUIKit/QMUICore
    - QMUIKit/QMUIResources
  - QMUIKit/QMUIComponents/QMUIToastView (4.3.0):
    - QMUIKit/QMUIComponents/QMUIKeyboardManager
    - QMUIKit/QMUICore
  - QMUIKit/QMUIComponents/QMUIToolbarButton (4.3.0):
    - QMUIKit/QMUICore
  - QMUIKit/QMUIComponents/QMUIWindowSizeMonitor (4.3.0):
    - QMUIKit/QMUICore
  - QMUIKit/QMUIComponents/QMUIZoomImageView (4.3.0):
    - QMUIKit/QMUIComponents/QMUIAssetLibrary
    - QMUIKit/QMUIComponents/QMUIButton
    - QMUIKit/QMUIComponents/QMUIEmptyView
    - QMUIKit/QMUIComponents/QMUIPieProgressView
    - QMUIKit/QMUIComponents/QMUISlider
    - QMUIKit/QMUICore
    - QMUIKit/QMUIResources
  - QMUIKit/QMUICore (4.3.0):
    - QMUIKit/QMUILog
    - QMUIKit/QMUIWeakObjectContainer
  - QMUIKit/QMUILog (4.3.0)
  - QMUIKit/QMUIMainFrame (4.3.0):
    - QMUIKit/QMUIComponents/QMUIEmptyView
    - QMUIKit/QMUIComponents/QMUIKeyboardManager
    - QMUIKit/QMUIComponents/QMUIMultipleDelegates
    - QMUIKit/QMUIComponents/QMUINavigationTitleView
    - QMUIKit/QMUIComponents/QMUITableView
    - QMUIKit/QMUIComponents/QMUITableViewHeaderFooterView
    - QMUIKit/QMUICore
    - QMUIKit/QMUILog
  - QMUIKit/QMUIResources (4.3.0)
  - QMUIKit/QMUIWeakObjectContainer (4.3.0)
  - R.swift (6.1.0):
    - R.swift.Library (~> 5.3.0)
  - R.swift.Library (5.3.0)
  - RxCocoa (6.5.0):
    - RxRelay (= 6.5.0)
    - RxSwift (= 6.5.0)
  - RxGesture (4.0.4):
    - RxCocoa (~> 6.0)
    - RxSwift (~> 6.0)
  - RxRelay (6.5.0):
    - RxSwift (= 6.5.0)
  - RxSwift (6.5.0)
  - RxSwiftExt (6.0.1):
    - RxSwiftExt/Core (= 6.0.1)
    - RxSwiftExt/RxCocoa (= 6.0.1)
  - RxSwiftExt/Core (6.0.1):
    - RxSwift (~> 6.0)
  - RxSwiftExt/RxCocoa (6.0.1):
    - RxCocoa (~> 6.0)
    - RxSwiftExt/Core
  - SnapKit (4.2.0)
  - SQLiteRepairKit (1.2.2):
    - WCDBOptimizedSQLCipher (~> 1.2.0)
  - STIMSDKIOS (0.0.16):
    - Alamofire (~> 4.9.1)
    - AliyunOSSiOS (~> 2.10.15)
    - AWSS3 (~> 2.25.0)
    - CocoaLumberjack/Swift (~> 3.7.2)
    - HandyJSON (~> 5.0.2)
    - Localize-Swift (~> 3.2.0)
    - Masonry (~> 1.1.0)
    - MJRefresh (~> 3.7.5)
    - MMKV (~> 1.2.10)
    - "NSObject+Rx (~> 5.2.2)"
    - R.swift (= 6.1.0)
    - RxGesture (~> 4.0.2)
    - RxSwiftExt (~> 6.0.1)
    - SnapKit (~> 4.2.0)
    - Texture (~> 3.0.0)
    - WCDB.swift (~> 1.0.8.2)
  - SVProgressHUD (2.2.5)
  - Texture (3.0.0):
    - Texture/AssetsLibrary (= 3.0.0)
    - Texture/Core (= 3.0.0)
    - Texture/MapKit (= 3.0.0)
    - Texture/Photos (= 3.0.0)
    - Texture/PINRemoteImage (= 3.0.0)
    - Texture/Video (= 3.0.0)
  - Texture/AssetsLibrary (3.0.0):
    - Texture/Core
  - Texture/Core (3.0.0)
  - Texture/MapKit (3.0.0):
    - Texture/Core
  - Texture/Photos (3.0.0):
    - Texture/Core
  - Texture/PINRemoteImage (3.0.0):
    - PINRemoteImage/iOS (~> 3.0.0)
    - PINRemoteImage/PINCache
    - Texture/Core
  - Texture/Video (3.0.0):
    - Texture/Core
  - WCDB.swift (1.0.8.2):
    - SQLiteRepairKit (~> 1.2.0)
    - WCDBOptimizedSQLCipher (~> 1.2.0)
  - WCDBOptimizedSQLCipher (1.2.1)

DEPENDENCIES:
  - QMUIKit
  - STIMSDKIOS (from `https://github.com/TmmTmmIM/STIMSDKIOS.git`)
  - SVProgressHUD

SPEC REPOS:
  https://github.com/CocoaPods/Specs.git:
    - Alamofire
    - AliyunOSSiOS
    - AWSCore
    - AWSS3
    - CocoaLumberjack
    - HandyJSON
    - Localize-Swift
    - Masonry
    - MJRefresh
    - MMKV
    - MMKVCore
    - "NSObject+Rx"
    - PINCache
    - PINOperation
    - PINRemoteImage
    - QMUIKit
    - R.swift
    - R.swift.Library
    - RxCocoa
    - RxGesture
    - RxRelay
    - RxSwift
    - RxSwiftExt
    - SnapKit
    - SQLiteRepairKit
    - SVProgressHUD
    - Texture
    - WCDB.swift
    - WCDBOptimizedSQLCipher

EXTERNAL SOURCES:
  STIMSDKIOS:
    :git: https://github.com/TmmTmmIM/STIMSDKIOS.git

CHECKOUT OPTIONS:
  STIMSDKIOS:
    :commit: 4fc8b1e1b0ff4d9667e0170b493f0299583d6c1d
    :git: https://github.com/TmmTmmIM/STIMSDKIOS.git

SPEC CHECKSUMS:
  Alamofire: 85e8a02c69d6020a0d734f6054870d7ecb75cf18
  AliyunOSSiOS: d624effdd24535da414a2bacf0027bedf64cc90e
  AWSCore: 9c51a3004e9e91528160ea978fd0c5d92780a45e
  AWSS3: 2c211728c36d1dbf4d0075d0e8ba317a561bc80c
  CocoaLumberjack: 543c79c114dadc3b1aba95641d8738b06b05b646
  HandyJSON: 9e4e236f5d2dbefad5155a77417bbea438201c03
  Localize-Swift: 6f4475136bdb0d7b2882ea3d4ea919d70142b232
  Masonry: 678fab65091a9290e40e2832a55e7ab731aad201
  MJRefresh: fdf5e979eb406a0341468932d1dfc8b7f9fce961
  MMKV: 9c4663aa7ca255d478ff10f2f5cb7d17c1651ccd
  MMKVCore: 89f5c8a66bba2dcd551779dea4d412eeec8ff5bb
  "NSObject+Rx": 61cf1f7306a73dcef8b36649198af0813ec18dfd
  PINCache: 7a8fc1a691173d21dbddbf86cd515de6efa55086
  PINOperation: daa34d4aa1d8449089be7d405b9d974abc4724c6
  PINRemoteImage: f1295b29f8c5e640e25335a1b2bd9d805171bd01
  QMUIKit: 67888be9aa0ee0b12b8a219fcea2eec900afd841
  R.swift: ec98ff71c4ab2f6fd01dd077e5afd15e63a4834c
  R.swift.Library: 0fc583cb55a99e28901299cc451614cad1161962
  RxCocoa: 94f817b71c07517321eb4f9ad299112ca8af743b
  RxGesture: f3efb47ed2d26a8082f7b660d4a59970e275a7f8
  RxRelay: 1de1523e604c72b6c68feadedd1af3b1b4d0ecbd
  RxSwift: 5710a9e6b17f3c3d6e40d6e559b9fa1e813b2ef8
  RxSwiftExt: d61c4b9b06e0a448041b1c659e0f1b5c5a035afc
  SnapKit: fe8a619752f3f27075cc9a90244d75c6c3f27e2a
  SQLiteRepairKit: 35aaae5a8838adb85f5b1eb4d796055be6060a4b
  STIMSDKIOS: 5bb98f10a7cef63cd0e715785a740a036b09e6b2
  SVProgressHUD: 1428aafac632c1f86f62aa4243ec12008d7a51d6
  Texture: 2f109e937850d94d1d07232041c9c7313ccddb81
  WCDB.swift: 05d509d7a0e60fb6e11c34eb7e4027c0fab5849f
  WCDBOptimizedSQLCipher: baf44493b0c7a3d49e97bc5b64a3856f6428ddd1

PODFILE CHECKSUM: 51b0998881ec0803d34466aba70f00993e53170e

COCOAPODS: 1.10.2
