// !$*UTF8*$!
{
	archiveVersion = 1;
	classes = {
	};
	objectVersion = 55;
	objects = {

/* Begin PBXBuildFile section */
		8305788B298BF145008E29AE /* TMSendMessageViewController.swift in Sources */ = {isa = PBXBuildFile; fileRef = 83057853298BF145008E29AE /* TMSendMessageViewController.swift */; };
		8305788C298BF145008E29AE /* Localize.strings in Resources */ = {isa = PBXBuildFile; fileRef = 83057854298BF145008E29AE /* Localize.strings */; };
		8305788D298BF145008E29AE /* TMNavigationController.swift in Sources */ = {isa = PBXBuildFile; fileRef = 83057856298BF145008E29AE /* TMNavigationController.swift */; };
		8305788E298BF145008E29AE /* TMImageBrowserViewController.swift in Sources */ = {isa = PBXBuildFile; fileRef = 83057858298BF145008E29AE /* TMImageBrowserViewController.swift */; };
		8305788F298BF145008E29AE /* TMLoginController.swift in Sources */ = {isa = PBXBuildFile; fileRef = 83057859298BF145008E29AE /* TMLoginController.swift */; };
		83057890298BF145008E29AE /* Delegate401.swift in Sources */ = {isa = PBXBuildFile; fileRef = 8305785B298BF145008E29AE /* Delegate401.swift */; };
		83057891298BF145008E29AE /* TMTokenManager.swift in Sources */ = {isa = PBXBuildFile; fileRef = 8305785C298BF145008E29AE /* TMTokenManager.swift */; };
		83057892298BF145008E29AE /* ApiNoTokenService.swift in Sources */ = {isa = PBXBuildFile; fileRef = 8305785D298BF145008E29AE /* ApiNoTokenService.swift */; };
		83057893298BF145008E29AE /* NetFactory.swift in Sources */ = {isa = PBXBuildFile; fileRef = 8305785E298BF145008E29AE /* NetFactory.swift */; };
		83057894298BF145008E29AE /* TMNetCore.swift in Sources */ = {isa = PBXBuildFile; fileRef = 8305785F298BF145008E29AE /* TMNetCore.swift */; };
		83057895298BF145008E29AE /* TMNet.swift in Sources */ = {isa = PBXBuildFile; fileRef = 83057860298BF145008E29AE /* TMNet.swift */; };
		83057896298BF145008E29AE /* ApiBaseService.swift in Sources */ = {isa = PBXBuildFile; fileRef = 83057861298BF145008E29AE /* ApiBaseService.swift */; };
		83057897298BF145008E29AE /* TMChatDetailController.swift in Sources */ = {isa = PBXBuildFile; fileRef = 83057862298BF145008E29AE /* TMChatDetailController.swift */; };
		83057898298BF145008E29AE /* IMSDKDateExtension.swift in Sources */ = {isa = PBXBuildFile; fileRef = 83057864298BF145008E29AE /* IMSDKDateExtension.swift */; };
		83057899298BF145008E29AE /* UIImageExtension.swift in Sources */ = {isa = PBXBuildFile; fileRef = 83057865298BF145008E29AE /* UIImageExtension.swift */; };
		8305789A298BF145008E29AE /* TMCreateGroupViewController.swift in Sources */ = {isa = PBXBuildFile; fileRef = 83057866298BF145008E29AE /* TMCreateGroupViewController.swift */; };
		8305789B298BF145008E29AE /* IMDemoSha1.swift in Sources */ = {isa = PBXBuildFile; fileRef = 83057868298BF145008E29AE /* IMDemoSha1.swift */; };
		8305789C298BF145008E29AE /* TMMD5.m in Sources */ = {isa = PBXBuildFile; fileRef = 8305786A298BF145008E29AE /* TMMD5.m */; };
		8305789D298BF145008E29AE /* IMSDKMessageId.swift in Sources */ = {isa = PBXBuildFile; fileRef = 8305786C298BF145008E29AE /* IMSDKMessageId.swift */; };
		8305789E298BF145008E29AE /* IMSDKMediaChooseUtil.swift in Sources */ = {isa = PBXBuildFile; fileRef = 8305786D298BF145008E29AE /* IMSDKMediaChooseUtil.swift */; };
		8305789F298BF145008E29AE /* TMTabbarController.swift in Sources */ = {isa = PBXBuildFile; fileRef = 8305786E298BF145008E29AE /* TMTabbarController.swift */; };
		830578A0298BF145008E29AE /* TMDemoConfig.swift in Sources */ = {isa = PBXBuildFile; fileRef = 8305786F298BF145008E29AE /* TMDemoConfig.swift */; };
		830578A1298BF145008E29AE /* TMUserInfoController.swift in Sources */ = {isa = PBXBuildFile; fileRef = 83057871298BF145008E29AE /* TMUserInfoController.swift */; };
		830578A3298BF145008E29AE /* TMNetError.swift in Sources */ = {isa = PBXBuildFile; fileRef = 83057875298BF145008E29AE /* TMNetError.swift */; };
		830578A4298BF145008E29AE /* TMNetworkingError.swift in Sources */ = {isa = PBXBuildFile; fileRef = 83057876298BF145008E29AE /* TMNetworkingError.swift */; };
		830578A5298BF145008E29AE /* YHLog.swift in Sources */ = {isa = PBXBuildFile; fileRef = 83057877298BF145008E29AE /* YHLog.swift */; };
		830578A6298BF145008E29AE /* TMFolderListViewController.swift in Sources */ = {isa = PBXBuildFile; fileRef = 83057878298BF145008E29AE /* TMFolderListViewController.swift */; };
		830578A7298BF145008E29AE /* TMUserUtil.swift in Sources */ = {isa = PBXBuildFile; fileRef = 83057879298BF145008E29AE /* TMUserUtil.swift */; };
		830578A8298BF145008E29AE /* TMSendMessageFootView.swift in Sources */ = {isa = PBXBuildFile; fileRef = 8305787B298BF145008E29AE /* TMSendMessageFootView.swift */; };
		830578A9298BF145008E29AE /* TMDemoGetAuth.swift in Sources */ = {isa = PBXBuildFile; fileRef = 8305787D298BF145008E29AE /* TMDemoGetAuth.swift */; };
		830578AB298BF145008E29AE /* SetMessageStatus.swift in Sources */ = {isa = PBXBuildFile; fileRef = 8305787F298BF145008E29AE /* SetMessageStatus.swift */; };
		830578AC298BF145008E29AE /* TMDemoLogin.swift in Sources */ = {isa = PBXBuildFile; fileRef = 83057880298BF145008E29AE /* TMDemoLogin.swift */; };
		830578AD298BF145008E29AE /* Thread.swift in Sources */ = {isa = PBXBuildFile; fileRef = 83057882298BF145008E29AE /* Thread.swift */; };
		830578AE298BF145008E29AE /* Async.swift in Sources */ = {isa = PBXBuildFile; fileRef = 83057884298BF145008E29AE /* Async.swift */; };
		830578AF298BF145008E29AE /* Promise.swift in Sources */ = {isa = PBXBuildFile; fileRef = 83057885298BF145008E29AE /* Promise.swift */; };
		830578B0298BF145008E29AE /* TMInputViewController.swift in Sources */ = {isa = PBXBuildFile; fileRef = 83057886298BF145008E29AE /* TMInputViewController.swift */; };
		830578B1298BF145008E29AE /* TMFilePreController.swift in Sources */ = {isa = PBXBuildFile; fileRef = 83057887298BF145008E29AE /* TMFilePreController.swift */; };
		830578B2298BF145008E29AE /* DetailKeyBordView.swift in Sources */ = {isa = PBXBuildFile; fileRef = 83057888298BF145008E29AE /* DetailKeyBordView.swift */; };
		830578B3298BF145008E29AE /* TMCostomizeView.swift in Sources */ = {isa = PBXBuildFile; fileRef = 83057889298BF145008E29AE /* TMCostomizeView.swift */; };
		830578B4298BF145008E29AE /* TMChatListController.swift in Sources */ = {isa = PBXBuildFile; fileRef = 8305788A298BF145008E29AE /* TMChatListController.swift */; };
		833DF9D129AC634A0048BCCD /* CommonModule.framework in Frameworks */ = {isa = PBXBuildFile; fileRef = 833DF9C129AC63120048BCCD /* CommonModule.framework */; };
		833DF9D429AC634E0048BCCD /* IMSDK.framework in Frameworks */ = {isa = PBXBuildFile; fileRef = 833DF9CA29AC632A0048BCCD /* IMSDK.framework */; };
		834AFDC629ADB17C0012EBDF /* SDKAssest.bundle in Resources */ = {isa = PBXBuildFile; fileRef = 834AFDC129ADB17C0012EBDF /* SDKAssest.bundle */; };
		83F3456929AF510600DD8675 /* SendTestMessageApi.swift in Sources */ = {isa = PBXBuildFile; fileRef = 83F3456829AF510600DD8675 /* SendTestMessageApi.swift */; };
		83F4022428F4242A004D19D4 /* AppDelegate.swift in Sources */ = {isa = PBXBuildFile; fileRef = 83F4022328F4242A004D19D4 /* AppDelegate.swift */; };
		83F4022828F4242A004D19D4 /* ViewController.swift in Sources */ = {isa = PBXBuildFile; fileRef = 83F4022728F4242A004D19D4 /* ViewController.swift */; };
		83F4022B28F4242A004D19D4 /* Main.storyboard in Resources */ = {isa = PBXBuildFile; fileRef = 83F4022928F4242A004D19D4 /* Main.storyboard */; };
		83F4022E28F4242A004D19D4 /* IMSdk_Ios_demo.xcdatamodeld in Sources */ = {isa = PBXBuildFile; fileRef = 83F4022C28F4242A004D19D4 /* IMSdk_Ios_demo.xcdatamodeld */; };
		83F4023028F4242C004D19D4 /* Assets.xcassets in Resources */ = {isa = PBXBuildFile; fileRef = 83F4022F28F4242C004D19D4 /* Assets.xcassets */; };
		83F4023328F4242C004D19D4 /* LaunchScreen.storyboard in Resources */ = {isa = PBXBuildFile; fileRef = 83F4023128F4242C004D19D4 /* LaunchScreen.storyboard */; };
		83F4023E28F4242C004D19D4 /* IMSdk_Ios_demoTests.swift in Sources */ = {isa = PBXBuildFile; fileRef = 83F4023D28F4242C004D19D4 /* IMSdk_Ios_demoTests.swift */; };
		83F4024828F4242C004D19D4 /* IMSdk_Ios_demoUITests.swift in Sources */ = {isa = PBXBuildFile; fileRef = 83F4024728F4242C004D19D4 /* IMSdk_Ios_demoUITests.swift */; };
		83F4024A28F4242C004D19D4 /* IMSdk_Ios_demoUITestsLaunchTests.swift in Sources */ = {isa = PBXBuildFile; fileRef = 83F4024928F4242C004D19D4 /* IMSdk_Ios_demoUITestsLaunchTests.swift */; };
		9BA42D47B393549220E5CA7A /* Pods_IMSdk_Ios_demo.framework in Frameworks */ = {isa = PBXBuildFile; fileRef = FEEA9B3BC05F4F2F00D27B07 /* Pods_IMSdk_Ios_demo.framework */; };
/* End PBXBuildFile section */

/* Begin PBXContainerItemProxy section */
		833DF9C029AC63120048BCCD /* PBXContainerItemProxy */ = {
			isa = PBXContainerItemProxy;
			containerPortal = 833DF9BB29AC63120048BCCD /* CommonModule.xcodeproj */;
			proxyType = 2;
			remoteGlobalIDString = F919F26C2990EC520068A7EF;
			remoteInfo = CommonModule;
		};
		833DF9C229AC63120048BCCD /* PBXContainerItemProxy */ = {
			isa = PBXContainerItemProxy;
			containerPortal = 833DF9BB29AC63120048BCCD /* CommonModule.xcodeproj */;
			proxyType = 2;
			remoteGlobalIDString = F919F2762990EC520068A7EF;
			remoteInfo = CommonModuleTests;
		};
		833DF9C929AC632A0048BCCD /* PBXContainerItemProxy */ = {
			isa = PBXContainerItemProxy;
			containerPortal = 833DF9C429AC632A0048BCCD /* IMSDK.xcodeproj */;
			proxyType = 2;
			remoteGlobalIDString = CF4141A0292A6A14009D5DA3;
			remoteInfo = IMSDK;
		};
		833DF9CB29AC632A0048BCCD /* PBXContainerItemProxy */ = {
			isa = PBXContainerItemProxy;
			containerPortal = 833DF9C429AC632A0048BCCD /* IMSDK.xcodeproj */;
			proxyType = 2;
			remoteGlobalIDString = CF4141AA292A6A14009D5DA3;
			remoteInfo = IMSDKTests;
		};
		83F4023A28F4242C004D19D4 /* PBXContainerItemProxy */ = {
			isa = PBXContainerItemProxy;
			containerPortal = 83F4021828F4242A004D19D4 /* Project object */;
			proxyType = 1;
			remoteGlobalIDString = 83F4021F28F4242A004D19D4;
			remoteInfo = "IMSdk-Ios-demo";
		};
		83F4024428F4242C004D19D4 /* PBXContainerItemProxy */ = {
			isa = PBXContainerItemProxy;
			containerPortal = 83F4021828F4242A004D19D4 /* Project object */;
			proxyType = 1;
			remoteGlobalIDString = 83F4021F28F4242A004D19D4;
			remoteInfo = "IMSdk-Ios-demo";
		};
/* End PBXContainerItemProxy section */

/* Begin PBXFileReference section */
		6B5E75288BE9628102BCFBD3 /* Pods-IMSdk-Ios-demo.debug.xcconfig */ = {isa = PBXFileReference; includeInIndex = 1; lastKnownFileType = text.xcconfig; name = "Pods-IMSdk-Ios-demo.debug.xcconfig"; path = "Target Support Files/Pods-IMSdk-Ios-demo/Pods-IMSdk-Ios-demo.debug.xcconfig"; sourceTree = "<group>"; };
		83057853298BF145008E29AE /* TMSendMessageViewController.swift */ = {isa = PBXFileReference; fileEncoding = 4; lastKnownFileType = sourcecode.swift; path = TMSendMessageViewController.swift; sourceTree = "<group>"; };
		83057855298BF145008E29AE /* zh-Hans */ = {isa = PBXFileReference; lastKnownFileType = text.plist.strings; name = "zh-Hans"; path = "zh-Hans.lproj/Localize.strings"; sourceTree = "<group>"; };
		83057856298BF145008E29AE /* TMNavigationController.swift */ = {isa = PBXFileReference; fileEncoding = 4; lastKnownFileType = sourcecode.swift; path = TMNavigationController.swift; sourceTree = "<group>"; };
		83057857298BF145008E29AE /* en */ = {isa = PBXFileReference; lastKnownFileType = text.plist.strings; name = en; path = en.lproj/Localize.strings; sourceTree = "<group>"; };
		83057858298BF145008E29AE /* TMImageBrowserViewController.swift */ = {isa = PBXFileReference; fileEncoding = 4; lastKnownFileType = sourcecode.swift; path = TMImageBrowserViewController.swift; sourceTree = "<group>"; };
		83057859298BF145008E29AE /* TMLoginController.swift */ = {isa = PBXFileReference; fileEncoding = 4; lastKnownFileType = sourcecode.swift; path = TMLoginController.swift; sourceTree = "<group>"; };
		8305785B298BF145008E29AE /* Delegate401.swift */ = {isa = PBXFileReference; fileEncoding = 4; lastKnownFileType = sourcecode.swift; path = Delegate401.swift; sourceTree = "<group>"; };
		8305785C298BF145008E29AE /* TMTokenManager.swift */ = {isa = PBXFileReference; fileEncoding = 4; lastKnownFileType = sourcecode.swift; path = TMTokenManager.swift; sourceTree = "<group>"; };
		8305785D298BF145008E29AE /* ApiNoTokenService.swift */ = {isa = PBXFileReference; fileEncoding = 4; lastKnownFileType = sourcecode.swift; path = ApiNoTokenService.swift; sourceTree = "<group>"; };
		8305785E298BF145008E29AE /* NetFactory.swift */ = {isa = PBXFileReference; fileEncoding = 4; lastKnownFileType = sourcecode.swift; path = NetFactory.swift; sourceTree = "<group>"; };
		8305785F298BF145008E29AE /* TMNetCore.swift */ = {isa = PBXFileReference; fileEncoding = 4; lastKnownFileType = sourcecode.swift; path = TMNetCore.swift; sourceTree = "<group>"; };
		83057860298BF145008E29AE /* TMNet.swift */ = {isa = PBXFileReference; fileEncoding = 4; lastKnownFileType = sourcecode.swift; path = TMNet.swift; sourceTree = "<group>"; };
		83057861298BF145008E29AE /* ApiBaseService.swift */ = {isa = PBXFileReference; fileEncoding = 4; lastKnownFileType = sourcecode.swift; path = ApiBaseService.swift; sourceTree = "<group>"; };
		83057862298BF145008E29AE /* TMChatDetailController.swift */ = {isa = PBXFileReference; fileEncoding = 4; lastKnownFileType = sourcecode.swift; path = TMChatDetailController.swift; sourceTree = "<group>"; };
		83057864298BF145008E29AE /* IMSDKDateExtension.swift */ = {isa = PBXFileReference; fileEncoding = 4; lastKnownFileType = sourcecode.swift; path = IMSDKDateExtension.swift; sourceTree = "<group>"; };
		83057865298BF145008E29AE /* UIImageExtension.swift */ = {isa = PBXFileReference; fileEncoding = 4; lastKnownFileType = sourcecode.swift; path = UIImageExtension.swift; sourceTree = "<group>"; };
		83057866298BF145008E29AE /* TMCreateGroupViewController.swift */ = {isa = PBXFileReference; fileEncoding = 4; lastKnownFileType = sourcecode.swift; path = TMCreateGroupViewController.swift; sourceTree = "<group>"; };
		83057868298BF145008E29AE /* IMDemoSha1.swift */ = {isa = PBXFileReference; fileEncoding = 4; lastKnownFileType = sourcecode.swift; path = IMDemoSha1.swift; sourceTree = "<group>"; };
		8305786A298BF145008E29AE /* TMMD5.m */ = {isa = PBXFileReference; fileEncoding = 4; lastKnownFileType = sourcecode.c.objc; path = TMMD5.m; sourceTree = "<group>"; };
		8305786B298BF145008E29AE /* TMMD5.h */ = {isa = PBXFileReference; fileEncoding = 4; lastKnownFileType = sourcecode.c.h; path = TMMD5.h; sourceTree = "<group>"; };
		8305786C298BF145008E29AE /* IMSDKMessageId.swift */ = {isa = PBXFileReference; fileEncoding = 4; lastKnownFileType = sourcecode.swift; path = IMSDKMessageId.swift; sourceTree = "<group>"; };
		8305786D298BF145008E29AE /* IMSDKMediaChooseUtil.swift */ = {isa = PBXFileReference; fileEncoding = 4; lastKnownFileType = sourcecode.swift; path = IMSDKMediaChooseUtil.swift; sourceTree = "<group>"; };
		8305786E298BF145008E29AE /* TMTabbarController.swift */ = {isa = PBXFileReference; fileEncoding = 4; lastKnownFileType = sourcecode.swift; path = TMTabbarController.swift; sourceTree = "<group>"; };
		8305786F298BF145008E29AE /* TMDemoConfig.swift */ = {isa = PBXFileReference; fileEncoding = 4; lastKnownFileType = sourcecode.swift; path = TMDemoConfig.swift; sourceTree = "<group>"; };
		83057870298BF145008E29AE /* zh-Hant */ = {isa = PBXFileReference; lastKnownFileType = text.plist.strings; name = "zh-Hant"; path = "zh-Hant.lproj/Localize.strings"; sourceTree = "<group>"; };
		83057871298BF145008E29AE /* TMUserInfoController.swift */ = {isa = PBXFileReference; fileEncoding = 4; lastKnownFileType = sourcecode.swift; path = TMUserInfoController.swift; sourceTree = "<group>"; };
		83057873298BF145008E29AE /* tr */ = {isa = PBXFileReference; lastKnownFileType = text.plist.strings; name = tr; path = tr.lproj/Localize.strings; sourceTree = "<group>"; };
		83057875298BF145008E29AE /* TMNetError.swift */ = {isa = PBXFileReference; fileEncoding = 4; lastKnownFileType = sourcecode.swift; path = TMNetError.swift; sourceTree = "<group>"; };
		83057876298BF145008E29AE /* TMNetworkingError.swift */ = {isa = PBXFileReference; fileEncoding = 4; lastKnownFileType = sourcecode.swift; path = TMNetworkingError.swift; sourceTree = "<group>"; };
		83057877298BF145008E29AE /* YHLog.swift */ = {isa = PBXFileReference; fileEncoding = 4; lastKnownFileType = sourcecode.swift; path = YHLog.swift; sourceTree = "<group>"; };
		83057878298BF145008E29AE /* TMFolderListViewController.swift */ = {isa = PBXFileReference; fileEncoding = 4; lastKnownFileType = sourcecode.swift; path = TMFolderListViewController.swift; sourceTree = "<group>"; };
		83057879298BF145008E29AE /* TMUserUtil.swift */ = {isa = PBXFileReference; fileEncoding = 4; lastKnownFileType = sourcecode.swift; path = TMUserUtil.swift; sourceTree = "<group>"; };
		8305787B298BF145008E29AE /* TMSendMessageFootView.swift */ = {isa = PBXFileReference; fileEncoding = 4; lastKnownFileType = sourcecode.swift; path = TMSendMessageFootView.swift; sourceTree = "<group>"; };
		8305787D298BF145008E29AE /* TMDemoGetAuth.swift */ = {isa = PBXFileReference; fileEncoding = 4; lastKnownFileType = sourcecode.swift; path = TMDemoGetAuth.swift; sourceTree = "<group>"; };
		8305787F298BF145008E29AE /* SetMessageStatus.swift */ = {isa = PBXFileReference; fileEncoding = 4; lastKnownFileType = sourcecode.swift; path = SetMessageStatus.swift; sourceTree = "<group>"; };
		83057880298BF145008E29AE /* TMDemoLogin.swift */ = {isa = PBXFileReference; fileEncoding = 4; lastKnownFileType = sourcecode.swift; path = TMDemoLogin.swift; sourceTree = "<group>"; };
		83057882298BF145008E29AE /* Thread.swift */ = {isa = PBXFileReference; fileEncoding = 4; lastKnownFileType = sourcecode.swift; path = Thread.swift; sourceTree = "<group>"; };
		83057883298BF145008E29AE /* Promise.h */ = {isa = PBXFileReference; fileEncoding = 4; lastKnownFileType = sourcecode.c.h; path = Promise.h; sourceTree = "<group>"; };
		83057884298BF145008E29AE /* Async.swift */ = {isa = PBXFileReference; fileEncoding = 4; lastKnownFileType = sourcecode.swift; path = Async.swift; sourceTree = "<group>"; };
		83057885298BF145008E29AE /* Promise.swift */ = {isa = PBXFileReference; fileEncoding = 4; lastKnownFileType = sourcecode.swift; path = Promise.swift; sourceTree = "<group>"; };
		83057886298BF145008E29AE /* TMInputViewController.swift */ = {isa = PBXFileReference; fileEncoding = 4; lastKnownFileType = sourcecode.swift; path = TMInputViewController.swift; sourceTree = "<group>"; };
		83057887298BF145008E29AE /* TMFilePreController.swift */ = {isa = PBXFileReference; fileEncoding = 4; lastKnownFileType = sourcecode.swift; path = TMFilePreController.swift; sourceTree = "<group>"; };
		83057888298BF145008E29AE /* DetailKeyBordView.swift */ = {isa = PBXFileReference; fileEncoding = 4; lastKnownFileType = sourcecode.swift; path = DetailKeyBordView.swift; sourceTree = "<group>"; };
		83057889298BF145008E29AE /* TMCostomizeView.swift */ = {isa = PBXFileReference; fileEncoding = 4; lastKnownFileType = sourcecode.swift; path = TMCostomizeView.swift; sourceTree = "<group>"; };
		8305788A298BF145008E29AE /* TMChatListController.swift */ = {isa = PBXFileReference; fileEncoding = 4; lastKnownFileType = sourcecode.swift; path = TMChatListController.swift; sourceTree = "<group>"; };
		833DF9BB29AC63120048BCCD /* CommonModule.xcodeproj */ = {isa = PBXFileReference; lastKnownFileType = "wrapper.pb-project"; name = CommonModule.xcodeproj; path = ../../TMMTMM/IMSdkCommon/CommonModule/CommonModule.xcodeproj; sourceTree = "<group>"; };
		833DF9C429AC632A0048BCCD /* IMSDK.xcodeproj */ = {isa = PBXFileReference; lastKnownFileType = "wrapper.pb-project"; name = IMSDK.xcodeproj; path = ../../TMMTMM/IMSdk/IMSDK/IMSDK.xcodeproj; sourceTree = "<group>"; };
		834AFDC129ADB17C0012EBDF /* SDKAssest.bundle */ = {isa = PBXFileReference; lastKnownFileType = "wrapper.plug-in"; path = SDKAssest.bundle; sourceTree = "<group>"; };
		83F3456829AF510600DD8675 /* SendTestMessageApi.swift */ = {isa = PBXFileReference; fileEncoding = 4; lastKnownFileType = sourcecode.swift; name = SendTestMessageApi.swift; path = ../../../../../../Downloads/SendTestMessageApi.swift; sourceTree = "<group>"; };
		83F4022028F4242A004D19D4 /* IMSdk-Ios-demo.app */ = {isa = PBXFileReference; explicitFileType = wrapper.application; includeInIndex = 0; path = "IMSdk-Ios-demo.app"; sourceTree = BUILT_PRODUCTS_DIR; };
		83F4022328F4242A004D19D4 /* AppDelegate.swift */ = {isa = PBXFileReference; lastKnownFileType = sourcecode.swift; path = AppDelegate.swift; sourceTree = "<group>"; };
		83F4022728F4242A004D19D4 /* ViewController.swift */ = {isa = PBXFileReference; lastKnownFileType = sourcecode.swift; path = ViewController.swift; sourceTree = "<group>"; };
		83F4022A28F4242A004D19D4 /* Base */ = {isa = PBXFileReference; lastKnownFileType = file.storyboard; name = Base; path = Base.lproj/Main.storyboard; sourceTree = "<group>"; };
		83F4022D28F4242A004D19D4 /* IMSdk_Ios_demo.xcdatamodel */ = {isa = PBXFileReference; lastKnownFileType = wrapper.xcdatamodel; path = IMSdk_Ios_demo.xcdatamodel; sourceTree = "<group>"; };
		83F4022F28F4242C004D19D4 /* Assets.xcassets */ = {isa = PBXFileReference; lastKnownFileType = folder.assetcatalog; path = Assets.xcassets; sourceTree = "<group>"; };
		83F4023228F4242C004D19D4 /* Base */ = {isa = PBXFileReference; lastKnownFileType = file.storyboard; name = Base; path = Base.lproj/LaunchScreen.storyboard; sourceTree = "<group>"; };
		83F4023428F4242C004D19D4 /* Info.plist */ = {isa = PBXFileReference; lastKnownFileType = text.plist.xml; path = Info.plist; sourceTree = "<group>"; };
		83F4023928F4242C004D19D4 /* IMSdk-Ios-demoTests.xctest */ = {isa = PBXFileReference; explicitFileType = wrapper.cfbundle; includeInIndex = 0; path = "IMSdk-Ios-demoTests.xctest"; sourceTree = BUILT_PRODUCTS_DIR; };
		83F4023D28F4242C004D19D4 /* IMSdk_Ios_demoTests.swift */ = {isa = PBXFileReference; lastKnownFileType = sourcecode.swift; path = IMSdk_Ios_demoTests.swift; sourceTree = "<group>"; };
		83F4024328F4242C004D19D4 /* IMSdk-Ios-demoUITests.xctest */ = {isa = PBXFileReference; explicitFileType = wrapper.cfbundle; includeInIndex = 0; path = "IMSdk-Ios-demoUITests.xctest"; sourceTree = BUILT_PRODUCTS_DIR; };
		83F4024728F4242C004D19D4 /* IMSdk_Ios_demoUITests.swift */ = {isa = PBXFileReference; lastKnownFileType = sourcecode.swift; path = IMSdk_Ios_demoUITests.swift; sourceTree = "<group>"; };
		83F4024928F4242C004D19D4 /* IMSdk_Ios_demoUITestsLaunchTests.swift */ = {isa = PBXFileReference; lastKnownFileType = sourcecode.swift; path = IMSdk_Ios_demoUITestsLaunchTests.swift; sourceTree = "<group>"; };
		E9D07147EBF49BFE2CB44255 /* Pods-IMSdk-Ios-demo.release.xcconfig */ = {isa = PBXFileReference; includeInIndex = 1; lastKnownFileType = text.xcconfig; name = "Pods-IMSdk-Ios-demo.release.xcconfig"; path = "Target Support Files/Pods-IMSdk-Ios-demo/Pods-IMSdk-Ios-demo.release.xcconfig"; sourceTree = "<group>"; };
		FEEA9B3BC05F4F2F00D27B07 /* Pods_IMSdk_Ios_demo.framework */ = {isa = PBXFileReference; explicitFileType = wrapper.framework; includeInIndex = 0; path = Pods_IMSdk_Ios_demo.framework; sourceTree = BUILT_PRODUCTS_DIR; };
/* End PBXFileReference section */

/* Begin PBXFrameworksBuildPhase section */
		83F4021D28F4242A004D19D4 /* Frameworks */ = {
			isa = PBXFrameworksBuildPhase;
			buildActionMask = 2147483647;
			files = (
				833DF9D429AC634E0048BCCD /* IMSDK.framework in Frameworks */,
				833DF9D129AC634A0048BCCD /* CommonModule.framework in Frameworks */,
				9BA42D47B393549220E5CA7A /* Pods_IMSdk_Ios_demo.framework in Frameworks */,
			);
			runOnlyForDeploymentPostprocessing = 0;
		};
		83F4023628F4242C004D19D4 /* Frameworks */ = {
			isa = PBXFrameworksBuildPhase;
			buildActionMask = 2147483647;
			files = (
			);
			runOnlyForDeploymentPostprocessing = 0;
		};
		83F4024028F4242C004D19D4 /* Frameworks */ = {
			isa = PBXFrameworksBuildPhase;
			buildActionMask = 2147483647;
			files = (
			);
			runOnlyForDeploymentPostprocessing = 0;
		};
/* End PBXFrameworksBuildPhase section */

/* Begin PBXGroup section */
		3496CB7B9C321D657747E10D /* Pods */ = {
			isa = PBXGroup;
			children = (
				6B5E75288BE9628102BCFBD3 /* Pods-IMSdk-Ios-demo.debug.xcconfig */,
				E9D07147EBF49BFE2CB44255 /* Pods-IMSdk-Ios-demo.release.xcconfig */,
			);
			path = Pods;
			sourceTree = "<group>";
		};
		659833B5D03992ACD97CC790 /* Frameworks */ = {
			isa = PBXGroup;
			children = (
				FEEA9B3BC05F4F2F00D27B07 /* Pods_IMSdk_Ios_demo.framework */,
			);
			name = Frameworks;
			sourceTree = "<group>";
		};
		83057852298BF145008E29AE /* Demo */ = {
			isa = PBXGroup;
			children = (
				834AFDC129ADB17C0012EBDF /* SDKAssest.bundle */,
				8305787C298BF145008E29AE /* Api */,
				83057874298BF145008E29AE /* constant */,
				83057888298BF145008E29AE /* DetailKeyBordView.swift */,
				83057863298BF145008E29AE /* Extension */,
				83057854298BF145008E29AE /* Localize.strings */,
				8305785A298BF145008E29AE /* net */,
				83057881298BF145008E29AE /* Promise */,
				83057879298BF145008E29AE /* TMUserUtil.swift */,
				8305788A298BF145008E29AE /* TMChatListController.swift */,
				83057862298BF145008E29AE /* TMChatDetailController.swift */,
				83057889298BF145008E29AE /* TMCostomizeView.swift */,
				83057866298BF145008E29AE /* TMCreateGroupViewController.swift */,
				8305786F298BF145008E29AE /* TMDemoConfig.swift */,
				83057887298BF145008E29AE /* TMFilePreController.swift */,
				83057878298BF145008E29AE /* TMFolderListViewController.swift */,
				83057858298BF145008E29AE /* TMImageBrowserViewController.swift */,
				83057886298BF145008E29AE /* TMInputViewController.swift */,
				83057859298BF145008E29AE /* TMLoginController.swift */,
				83057856298BF145008E29AE /* TMNavigationController.swift */,
				83057853298BF145008E29AE /* TMSendMessageViewController.swift */,
				8305786E298BF145008E29AE /* TMTabbarController.swift */,
				83057871298BF145008E29AE /* TMUserInfoController.swift */,
				83057867298BF145008E29AE /* Util */,
				8305787A298BF145008E29AE /* view */,
			);
			path = Demo;
			sourceTree = "<group>";
		};
		8305785A298BF145008E29AE /* net */ = {
			isa = PBXGroup;
			children = (
				8305785B298BF145008E29AE /* Delegate401.swift */,
				8305785C298BF145008E29AE /* TMTokenManager.swift */,
				8305785D298BF145008E29AE /* ApiNoTokenService.swift */,
				8305785E298BF145008E29AE /* NetFactory.swift */,
				8305785F298BF145008E29AE /* TMNetCore.swift */,
				83057860298BF145008E29AE /* TMNet.swift */,
				83057861298BF145008E29AE /* ApiBaseService.swift */,
			);
			path = net;
			sourceTree = "<group>";
		};
		83057863298BF145008E29AE /* Extension */ = {
			isa = PBXGroup;
			children = (
				83057864298BF145008E29AE /* IMSDKDateExtension.swift */,
				83057865298BF145008E29AE /* UIImageExtension.swift */,
			);
			path = Extension;
			sourceTree = "<group>";
		};
		83057867298BF145008E29AE /* Util */ = {
			isa = PBXGroup;
			children = (
				83057869298BF145008E29AE /* MD5 */,
				83057868298BF145008E29AE /* IMDemoSha1.swift */,
				8305786C298BF145008E29AE /* IMSDKMessageId.swift */,
				8305786D298BF145008E29AE /* IMSDKMediaChooseUtil.swift */,
			);
			path = Util;
			sourceTree = "<group>";
		};
		83057869298BF145008E29AE /* MD5 */ = {
			isa = PBXGroup;
			children = (
				8305786A298BF145008E29AE /* TMMD5.m */,
				8305786B298BF145008E29AE /* TMMD5.h */,
			);
			path = MD5;
			sourceTree = "<group>";
		};
		83057874298BF145008E29AE /* constant */ = {
			isa = PBXGroup;
			children = (
				83057875298BF145008E29AE /* TMNetError.swift */,
				83057876298BF145008E29AE /* TMNetworkingError.swift */,
				83057877298BF145008E29AE /* YHLog.swift */,
			);
			path = constant;
			sourceTree = "<group>";
		};
		8305787A298BF145008E29AE /* view */ = {
			isa = PBXGroup;
			children = (
				8305787B298BF145008E29AE /* TMSendMessageFootView.swift */,
			);
			path = view;
			sourceTree = "<group>";
		};
		8305787C298BF145008E29AE /* Api */ = {
			isa = PBXGroup;
			children = (
				83F3456829AF510600DD8675 /* SendTestMessageApi.swift */,
				8305787D298BF145008E29AE /* TMDemoGetAuth.swift */,
				8305787F298BF145008E29AE /* SetMessageStatus.swift */,
				83057880298BF145008E29AE /* TMDemoLogin.swift */,
			);
			path = Api;
			sourceTree = "<group>";
		};
		83057881298BF145008E29AE /* Promise */ = {
			isa = PBXGroup;
			children = (
				83057882298BF145008E29AE /* Thread.swift */,
				83057883298BF145008E29AE /* Promise.h */,
				83057884298BF145008E29AE /* Async.swift */,
				83057885298BF145008E29AE /* Promise.swift */,
			);
			path = Promise;
			sourceTree = "<group>";
		};
		833DF9BC29AC63120048BCCD /* Products */ = {
			isa = PBXGroup;
			children = (
				833DF9C129AC63120048BCCD /* CommonModule.framework */,
				833DF9C329AC63120048BCCD /* CommonModuleTests.xctest */,
			);
			name = Products;
			sourceTree = "<group>";
		};
		833DF9C529AC632A0048BCCD /* Products */ = {
			isa = PBXGroup;
			children = (
				833DF9CA29AC632A0048BCCD /* IMSDK.framework */,
				833DF9CC29AC632A0048BCCD /* IMSDKTests.xctest */,
			);
			name = Products;
			sourceTree = "<group>";
		};
		83F4021728F4242A004D19D4 = {
			isa = PBXGroup;
			children = (
				833DF9C429AC632A0048BCCD /* IMSDK.xcodeproj */,
				833DF9BB29AC63120048BCCD /* CommonModule.xcodeproj */,
				83F4022228F4242A004D19D4 /* IMSdk-Ios-demo */,
				83F4023C28F4242C004D19D4 /* IMSdk-Ios-demoTests */,
				83F4024628F4242C004D19D4 /* IMSdk-Ios-demoUITests */,
				83F4022128F4242A004D19D4 /* Products */,
				3496CB7B9C321D657747E10D /* Pods */,
				659833B5D03992ACD97CC790 /* Frameworks */,
			);
			sourceTree = "<group>";
		};
		83F4022128F4242A004D19D4 /* Products */ = {
			isa = PBXGroup;
			children = (
				83F4022028F4242A004D19D4 /* IMSdk-Ios-demo.app */,
				83F4023928F4242C004D19D4 /* IMSdk-Ios-demoTests.xctest */,
				83F4024328F4242C004D19D4 /* IMSdk-Ios-demoUITests.xctest */,
			);
			name = Products;
			sourceTree = "<group>";
		};
		83F4022228F4242A004D19D4 /* IMSdk-Ios-demo */ = {
			isa = PBXGroup;
			children = (
				83057852298BF145008E29AE /* Demo */,
				83F4022328F4242A004D19D4 /* AppDelegate.swift */,
				83F4022728F4242A004D19D4 /* ViewController.swift */,
				83F4022928F4242A004D19D4 /* Main.storyboard */,
				83F4022F28F4242C004D19D4 /* Assets.xcassets */,
				83F4023128F4242C004D19D4 /* LaunchScreen.storyboard */,
				83F4023428F4242C004D19D4 /* Info.plist */,
				83F4022C28F4242A004D19D4 /* IMSdk_Ios_demo.xcdatamodeld */,
			);
			path = "IMSdk-Ios-demo";
			sourceTree = "<group>";
		};
		83F4023C28F4242C004D19D4 /* IMSdk-Ios-demoTests */ = {
			isa = PBXGroup;
			children = (
				83F4023D28F4242C004D19D4 /* IMSdk_Ios_demoTests.swift */,
			);
			path = "IMSdk-Ios-demoTests";
			sourceTree = "<group>";
		};
		83F4024628F4242C004D19D4 /* IMSdk-Ios-demoUITests */ = {
			isa = PBXGroup;
			children = (
				83F4024728F4242C004D19D4 /* IMSdk_Ios_demoUITests.swift */,
				83F4024928F4242C004D19D4 /* IMSdk_Ios_demoUITestsLaunchTests.swift */,
			);
			path = "IMSdk-Ios-demoUITests";
			sourceTree = "<group>";
		};
/* End PBXGroup section */

/* Begin PBXNativeTarget section */
		83F4021F28F4242A004D19D4 /* IMSdk-Ios-demo */ = {
			isa = PBXNativeTarget;
			buildConfigurationList = 83F4024D28F4242C004D19D4 /* Build configuration list for PBXNativeTarget "IMSdk-Ios-demo" */;
			buildPhases = (
				5802E631D3C8D52FAA39A4E6 /* [CP] Check Pods Manifest.lock */,
				83F4021C28F4242A004D19D4 /* Sources */,
				83F4021D28F4242A004D19D4 /* Frameworks */,
				83F4021E28F4242A004D19D4 /* Resources */,
				EFA8291FA5748A5BFDD9529D /* [CP] Embed Pods Frameworks */,
			);
			buildRules = (
			);
			dependencies = (
			);
			name = "IMSdk-Ios-demo";
			productName = "IMSdk-Ios-demo";
			productReference = 83F4022028F4242A004D19D4 /* IMSdk-Ios-demo.app */;
			productType = "com.apple.product-type.application";
		};
		83F4023828F4242C004D19D4 /* IMSdk-Ios-demoTests */ = {
			isa = PBXNativeTarget;
			buildConfigurationList = 83F4025028F4242C004D19D4 /* Build configuration list for PBXNativeTarget "IMSdk-Ios-demoTests" */;
			buildPhases = (
				83F4023528F4242C004D19D4 /* Sources */,
				83F4023628F4242C004D19D4 /* Frameworks */,
				83F4023728F4242C004D19D4 /* Resources */,
			);
			buildRules = (
			);
			dependencies = (
				83F4023B28F4242C004D19D4 /* PBXTargetDependency */,
			);
			name = "IMSdk-Ios-demoTests";
			productName = "IMSdk-Ios-demoTests";
			productReference = 83F4023928F4242C004D19D4 /* IMSdk-Ios-demoTests.xctest */;
			productType = "com.apple.product-type.bundle.unit-test";
		};
		83F4024228F4242C004D19D4 /* IMSdk-Ios-demoUITests */ = {
			isa = PBXNativeTarget;
			buildConfigurationList = 83F4025328F4242C004D19D4 /* Build configuration list for PBXNativeTarget "IMSdk-Ios-demoUITests" */;
			buildPhases = (
				83F4023F28F4242C004D19D4 /* Sources */,
				83F4024028F4242C004D19D4 /* Frameworks */,
				83F4024128F4242C004D19D4 /* Resources */,
			);
			buildRules = (
			);
			dependencies = (
				83F4024528F4242C004D19D4 /* PBXTargetDependency */,
			);
			name = "IMSdk-Ios-demoUITests";
			productName = "IMSdk-Ios-demoUITests";
			productReference = 83F4024328F4242C004D19D4 /* IMSdk-Ios-demoUITests.xctest */;
			productType = "com.apple.product-type.bundle.ui-testing";
		};
/* End PBXNativeTarget section */

/* Begin PBXProject section */
		83F4021828F4242A004D19D4 /* Project object */ = {
			isa = PBXProject;
			attributes = {
				BuildIndependentTargetsInParallel = 1;
				LastSwiftUpdateCheck = 1340;
				LastUpgradeCheck = 1340;
				TargetAttributes = {
					83F4021F28F4242A004D19D4 = {
						CreatedOnToolsVersion = 13.4.1;
					};
					83F4023828F4242C004D19D4 = {
						CreatedOnToolsVersion = 13.4.1;
						TestTargetID = 83F4021F28F4242A004D19D4;
					};
					83F4024228F4242C004D19D4 = {
						CreatedOnToolsVersion = 13.4.1;
						TestTargetID = 83F4021F28F4242A004D19D4;
					};
				};
			};
			buildConfigurationList = 83F4021B28F4242A004D19D4 /* Build configuration list for PBXProject "IMSdk-Ios-demo" */;
			compatibilityVersion = "Xcode 13.0";
			developmentRegion = en;
			hasScannedForEncodings = 0;
			knownRegions = (
				en,
				Base,
				"zh-Hans",
				"zh-Hant",
				tr,
			);
			mainGroup = 83F4021728F4242A004D19D4;
			productRefGroup = 83F4022128F4242A004D19D4 /* Products */;
			projectDirPath = "";
			projectReferences = (
				{
					ProductGroup = 833DF9BC29AC63120048BCCD /* Products */;
					ProjectRef = 833DF9BB29AC63120048BCCD /* CommonModule.xcodeproj */;
				},
				{
					ProductGroup = 833DF9C529AC632A0048BCCD /* Products */;
					ProjectRef = 833DF9C429AC632A0048BCCD /* IMSDK.xcodeproj */;
				},
			);
			projectRoot = "";
			targets = (
				83F4021F28F4242A004D19D4 /* IMSdk-Ios-demo */,
				83F4023828F4242C004D19D4 /* IMSdk-Ios-demoTests */,
				83F4024228F4242C004D19D4 /* IMSdk-Ios-demoUITests */,
			);
		};
/* End PBXProject section */

/* Begin PBXReferenceProxy section */
		833DF9C129AC63120048BCCD /* CommonModule.framework */ = {
			isa = PBXReferenceProxy;
			fileType = wrapper.framework;
			path = CommonModule.framework;
			remoteRef = 833DF9C029AC63120048BCCD /* PBXContainerItemProxy */;
			sourceTree = BUILT_PRODUCTS_DIR;
		};
		833DF9C329AC63120048BCCD /* CommonModuleTests.xctest */ = {
			isa = PBXReferenceProxy;
			fileType = wrapper.cfbundle;
			path = CommonModuleTests.xctest;
			remoteRef = 833DF9C229AC63120048BCCD /* PBXContainerItemProxy */;
			sourceTree = BUILT_PRODUCTS_DIR;
		};
		833DF9CA29AC632A0048BCCD /* IMSDK.framework */ = {
			isa = PBXReferenceProxy;
			fileType = wrapper.framework;
			path = IMSDK.framework;
			remoteRef = 833DF9C929AC632A0048BCCD /* PBXContainerItemProxy */;
			sourceTree = BUILT_PRODUCTS_DIR;
		};
		833DF9CC29AC632A0048BCCD /* IMSDKTests.xctest */ = {
			isa = PBXReferenceProxy;
			fileType = wrapper.cfbundle;
			path = IMSDKTests.xctest;
			remoteRef = 833DF9CB29AC632A0048BCCD /* PBXContainerItemProxy */;
			sourceTree = BUILT_PRODUCTS_DIR;
		};
/* End PBXReferenceProxy section */

/* Begin PBXResourcesBuildPhase section */
		83F4021E28F4242A004D19D4 /* Resources */ = {
			isa = PBXResourcesBuildPhase;
			buildActionMask = 2147483647;
			files = (
				83F4023328F4242C004D19D4 /* LaunchScreen.storyboard in Resources */,
				83F4023028F4242C004D19D4 /* Assets.xcassets in Resources */,
				83F4022B28F4242A004D19D4 /* Main.storyboard in Resources */,
				834AFDC629ADB17C0012EBDF /* SDKAssest.bundle in Resources */,
				8305788C298BF145008E29AE /* Localize.strings in Resources */,
			);
			runOnlyForDeploymentPostprocessing = 0;
		};
		83F4023728F4242C004D19D4 /* Resources */ = {
			isa = PBXResourcesBuildPhase;
			buildActionMask = 2147483647;
			files = (
			);
			runOnlyForDeploymentPostprocessing = 0;
		};
		83F4024128F4242C004D19D4 /* Resources */ = {
			isa = PBXResourcesBuildPhase;
			buildActionMask = 2147483647;
			files = (
			);
			runOnlyForDeploymentPostprocessing = 0;
		};
/* End PBXResourcesBuildPhase section */

/* Begin PBXShellScriptBuildPhase section */
		5802E631D3C8D52FAA39A4E6 /* [CP] Check Pods Manifest.lock */ = {
			isa = PBXShellScriptBuildPhase;
			buildActionMask = 2147483647;
			files = (
			);
			inputFileListPaths = (
			);
			inputPaths = (
				"${PODS_PODFILE_DIR_PATH}/Podfile.lock",
				"${PODS_ROOT}/Manifest.lock",
			);
			name = "[CP] Check Pods Manifest.lock";
			outputFileListPaths = (
			);
			outputPaths = (
				"$(DERIVED_FILE_DIR)/Pods-IMSdk-Ios-demo-checkManifestLockResult.txt",
			);
			runOnlyForDeploymentPostprocessing = 0;
			shellPath = /bin/sh;
			shellScript = "diff \"${PODS_PODFILE_DIR_PATH}/Podfile.lock\" \"${PODS_ROOT}/Manifest.lock\" > /dev/null\nif [ $? != 0 ] ; then\n    # print error to STDERR\n    echo \"error: The sandbox is not in sync with the Podfile.lock. Run 'pod install' or update your CocoaPods installation.\" >&2\n    exit 1\nfi\n# This output is used by Xcode 'outputs' to avoid re-running this script phase.\necho \"SUCCESS\" > \"${SCRIPT_OUTPUT_FILE_0}\"\n";
			showEnvVarsInLog = 0;
		};
		EFA8291FA5748A5BFDD9529D /* [CP] Embed Pods Frameworks */ = {
			isa = PBXShellScriptBuildPhase;
			buildActionMask = 2147483647;
			files = (
			);
			inputFileListPaths = (
				"${PODS_ROOT}/Target Support Files/Pods-IMSdk-Ios-demo/Pods-IMSdk-Ios-demo-frameworks-${CONFIGURATION}-input-files.xcfilelist",
			);
			name = "[CP] Embed Pods Frameworks";
			outputFileListPaths = (
				"${PODS_ROOT}/Target Support Files/Pods-IMSdk-Ios-demo/Pods-IMSdk-Ios-demo-frameworks-${CONFIGURATION}-output-files.xcfilelist",
			);
			runOnlyForDeploymentPostprocessing = 0;
			shellPath = /bin/sh;
			shellScript = "\"${PODS_ROOT}/Target Support Files/Pods-IMSdk-Ios-demo/Pods-IMSdk-Ios-demo-frameworks.sh\"\n";
			showEnvVarsInLog = 0;
		};
/* End PBXShellScriptBuildPhase section */

/* Begin PBXSourcesBuildPhase section */
		83F4021C28F4242A004D19D4 /* Sources */ = {
			isa = PBXSourcesBuildPhase;
			buildActionMask = 2147483647;
			files = (
				8305788D298BF145008E29AE /* TMNavigationController.swift in Sources */,
				830578A7298BF145008E29AE /* TMUserUtil.swift in Sources */,
				8305789C298BF145008E29AE /* TMMD5.m in Sources */,
				8305788F298BF145008E29AE /* TMLoginController.swift in Sources */,
				83057899298BF145008E29AE /* UIImageExtension.swift in Sources */,
				8305789B298BF145008E29AE /* IMDemoSha1.swift in Sources */,
				830578AE298BF145008E29AE /* Async.swift in Sources */,
				830578B3298BF145008E29AE /* TMCostomizeView.swift in Sources */,
				830578A9298BF145008E29AE /* TMDemoGetAuth.swift in Sources */,
				830578AD298BF145008E29AE /* Thread.swift in Sources */,
				83F3456929AF510600DD8675 /* SendTestMessageApi.swift in Sources */,
				83F4022828F4242A004D19D4 /* ViewController.swift in Sources */,
				8305789D298BF145008E29AE /* IMSDKMessageId.swift in Sources */,
				83057891298BF145008E29AE /* TMTokenManager.swift in Sources */,
				8305788E298BF145008E29AE /* TMImageBrowserViewController.swift in Sources */,
				830578A5298BF145008E29AE /* YHLog.swift in Sources */,
				83057890298BF145008E29AE /* Delegate401.swift in Sources */,
				83057898298BF145008E29AE /* IMSDKDateExtension.swift in Sources */,
				830578B1298BF145008E29AE /* TMFilePreController.swift in Sources */,
				8305788B298BF145008E29AE /* TMSendMessageViewController.swift in Sources */,
				83057894298BF145008E29AE /* TMNetCore.swift in Sources */,
				830578A4298BF145008E29AE /* TMNetworkingError.swift in Sources */,
				83F4022E28F4242A004D19D4 /* IMSdk_Ios_demo.xcdatamodeld in Sources */,
				83057896298BF145008E29AE /* ApiBaseService.swift in Sources */,
				83057893298BF145008E29AE /* NetFactory.swift in Sources */,
				83057897298BF145008E29AE /* TMChatDetailController.swift in Sources */,
				830578A3298BF145008E29AE /* TMNetError.swift in Sources */,
				830578AB298BF145008E29AE /* SetMessageStatus.swift in Sources */,
				830578A0298BF145008E29AE /* TMDemoConfig.swift in Sources */,
				830578B0298BF145008E29AE /* TMInputViewController.swift in Sources */,
				83F4022428F4242A004D19D4 /* AppDelegate.swift in Sources */,
				830578AF298BF145008E29AE /* Promise.swift in Sources */,
				8305789E298BF145008E29AE /* IMSDKMediaChooseUtil.swift in Sources */,
				8305789F298BF145008E29AE /* TMTabbarController.swift in Sources */,
				8305789A298BF145008E29AE /* TMCreateGroupViewController.swift in Sources */,
				830578AC298BF145008E29AE /* TMDemoLogin.swift in Sources */,
				830578A6298BF145008E29AE /* TMFolderListViewController.swift in Sources */,
				830578A1298BF145008E29AE /* TMUserInfoController.swift in Sources */,
				830578B2298BF145008E29AE /* DetailKeyBordView.swift in Sources */,
				83057892298BF145008E29AE /* ApiNoTokenService.swift in Sources */,
				830578B4298BF145008E29AE /* TMChatListController.swift in Sources */,
				830578A8298BF145008E29AE /* TMSendMessageFootView.swift in Sources */,
				83057895298BF145008E29AE /* TMNet.swift in Sources */,
			);
			runOnlyForDeploymentPostprocessing = 0;
		};
		83F4023528F4242C004D19D4 /* Sources */ = {
			isa = PBXSourcesBuildPhase;
			buildActionMask = 2147483647;
			files = (
				83F4023E28F4242C004D19D4 /* IMSdk_Ios_demoTests.swift in Sources */,
			);
			runOnlyForDeploymentPostprocessing = 0;
		};
		83F4023F28F4242C004D19D4 /* Sources */ = {
			isa = PBXSourcesBuildPhase;
			buildActionMask = 2147483647;
			files = (
				83F4024A28F4242C004D19D4 /* IMSdk_Ios_demoUITestsLaunchTests.swift in Sources */,
				83F4024828F4242C004D19D4 /* IMSdk_Ios_demoUITests.swift in Sources */,
			);
			runOnlyForDeploymentPostprocessing = 0;
		};
/* End PBXSourcesBuildPhase section */

/* Begin PBXTargetDependency section */
		83F4023B28F4242C004D19D4 /* PBXTargetDependency */ = {
			isa = PBXTargetDependency;
			target = 83F4021F28F4242A004D19D4 /* IMSdk-Ios-demo */;
			targetProxy = 83F4023A28F4242C004D19D4 /* PBXContainerItemProxy */;
		};
		83F4024528F4242C004D19D4 /* PBXTargetDependency */ = {
			isa = PBXTargetDependency;
			target = 83F4021F28F4242A004D19D4 /* IMSdk-Ios-demo */;
			targetProxy = 83F4024428F4242C004D19D4 /* PBXContainerItemProxy */;
		};
/* End PBXTargetDependency section */

/* Begin PBXVariantGroup section */
		83057854298BF145008E29AE /* Localize.strings */ = {
			isa = PBXVariantGroup;
			children = (
				83057855298BF145008E29AE /* zh-Hans */,
				83057857298BF145008E29AE /* en */,
				83057870298BF145008E29AE /* zh-Hant */,
				83057873298BF145008E29AE /* tr */,
			);
			name = Localize.strings;
			sourceTree = "<group>";
		};
		83F4022928F4242A004D19D4 /* Main.storyboard */ = {
			isa = PBXVariantGroup;
			children = (
				83F4022A28F4242A004D19D4 /* Base */,
			);
			name = Main.storyboard;
			sourceTree = "<group>";
		};
		83F4023128F4242C004D19D4 /* LaunchScreen.storyboard */ = {
			isa = PBXVariantGroup;
			children = (
				83F4023228F4242C004D19D4 /* Base */,
			);
			name = LaunchScreen.storyboard;
			sourceTree = "<group>";
		};
/* End PBXVariantGroup section */

/* Begin XCBuildConfiguration section */
		83F4024B28F4242C004D19D4 /* Debug */ = {
			isa = XCBuildConfiguration;
			buildSettings = {
				ALWAYS_SEARCH_USER_PATHS = NO;
				CLANG_ANALYZER_NONNULL = YES;
				CLANG_ANALYZER_NUMBER_OBJECT_CONVERSION = YES_AGGRESSIVE;
				CLANG_CXX_LANGUAGE_STANDARD = "gnu++17";
				CLANG_ENABLE_MODULES = YES;
				CLANG_ENABLE_OBJC_ARC = YES;
				CLANG_ENABLE_OBJC_WEAK = YES;
				CLANG_WARN_BLOCK_CAPTURE_AUTORELEASING = YES;
				CLANG_WARN_BOOL_CONVERSION = YES;
				CLANG_WARN_COMMA = YES;
				CLANG_WARN_CONSTANT_CONVERSION = YES;
				CLANG_WARN_DEPRECATED_OBJC_IMPLEMENTATIONS = YES;
				CLANG_WARN_DIRECT_OBJC_ISA_USAGE = YES_ERROR;
				CLANG_WARN_DOCUMENTATION_COMMENTS = YES;
				CLANG_WARN_EMPTY_BODY = YES;
				CLANG_WARN_ENUM_CONVERSION = YES;
				CLANG_WARN_INFINITE_RECURSION = YES;
				CLANG_WARN_INT_CONVERSION = YES;
				CLANG_WARN_NON_LITERAL_NULL_CONVERSION = YES;
				CLANG_WARN_OBJC_IMPLICIT_RETAIN_SELF = YES;
				CLANG_WARN_OBJC_LITERAL_CONVERSION = YES;
				CLANG_WARN_OBJC_ROOT_CLASS = YES_ERROR;
				CLANG_WARN_QUOTED_INCLUDE_IN_FRAMEWORK_HEADER = YES;
				CLANG_WARN_RANGE_LOOP_ANALYSIS = YES;
				CLANG_WARN_STRICT_PROTOTYPES = YES;
				CLANG_WARN_SUSPICIOUS_MOVE = YES;
				CLANG_WARN_UNGUARDED_AVAILABILITY = YES_AGGRESSIVE;
				CLANG_WARN_UNREACHABLE_CODE = YES;
				CLANG_WARN__DUPLICATE_METHOD_MATCH = YES;
				COPY_PHASE_STRIP = NO;
				DEBUG_INFORMATION_FORMAT = dwarf;
				ENABLE_STRICT_OBJC_MSGSEND = YES;
				ENABLE_TESTABILITY = YES;
				GCC_C_LANGUAGE_STANDARD = gnu11;
				GCC_DYNAMIC_NO_PIC = NO;
				GCC_NO_COMMON_BLOCKS = YES;
				GCC_OPTIMIZATION_LEVEL = 0;
				GCC_PREPROCESSOR_DEFINITIONS = (
					"DEBUG=1",
					"$(inherited)",
				);
				GCC_WARN_64_TO_32_BIT_CONVERSION = YES;
				GCC_WARN_ABOUT_RETURN_TYPE = YES_ERROR;
				GCC_WARN_UNDECLARED_SELECTOR = YES;
				GCC_WARN_UNINITIALIZED_AUTOS = YES_AGGRESSIVE;
				GCC_WARN_UNUSED_FUNCTION = YES;
				GCC_WARN_UNUSED_VARIABLE = YES;
				IPHONEOS_DEPLOYMENT_TARGET = 15.5;
				MTL_ENABLE_DEBUG_INFO = INCLUDE_SOURCE;
				MTL_FAST_MATH = YES;
				ONLY_ACTIVE_ARCH = YES;
				SDKROOT = iphoneos;
				SWIFT_ACTIVE_COMPILATION_CONDITIONS = DEBUG;
				SWIFT_OPTIMIZATION_LEVEL = "-Onone";
			};
			name = Debug;
		};
		83F4024C28F4242C004D19D4 /* Release */ = {
			isa = XCBuildConfiguration;
			buildSettings = {
				ALWAYS_SEARCH_USER_PATHS = NO;
				CLANG_ANALYZER_NONNULL = YES;
				CLANG_ANALYZER_NUMBER_OBJECT_CONVERSION = YES_AGGRESSIVE;
				CLANG_CXX_LANGUAGE_STANDARD = "gnu++17";
				CLANG_ENABLE_MODULES = YES;
				CLANG_ENABLE_OBJC_ARC = YES;
				CLANG_ENABLE_OBJC_WEAK = YES;
				CLANG_WARN_BLOCK_CAPTURE_AUTORELEASING = YES;
				CLANG_WARN_BOOL_CONVERSION = YES;
				CLANG_WARN_COMMA = YES;
				CLANG_WARN_CONSTANT_CONVERSION = YES;
				CLANG_WARN_DEPRECATED_OBJC_IMPLEMENTATIONS = YES;
				CLANG_WARN_DIRECT_OBJC_ISA_USAGE = YES_ERROR;
				CLANG_WARN_DOCUMENTATION_COMMENTS = YES;
				CLANG_WARN_EMPTY_BODY = YES;
				CLANG_WARN_ENUM_CONVERSION = YES;
				CLANG_WARN_INFINITE_RECURSION = YES;
				CLANG_WARN_INT_CONVERSION = YES;
				CLANG_WARN_NON_LITERAL_NULL_CONVERSION = YES;
				CLANG_WARN_OBJC_IMPLICIT_RETAIN_SELF = YES;
				CLANG_WARN_OBJC_LITERAL_CONVERSION = YES;
				CLANG_WARN_OBJC_ROOT_CLASS = YES_ERROR;
				CLANG_WARN_QUOTED_INCLUDE_IN_FRAMEWORK_HEADER = YES;
				CLANG_WARN_RANGE_LOOP_ANALYSIS = YES;
				CLANG_WARN_STRICT_PROTOTYPES = YES;
				CLANG_WARN_SUSPICIOUS_MOVE = YES;
				CLANG_WARN_UNGUARDED_AVAILABILITY = YES_AGGRESSIVE;
				CLANG_WARN_UNREACHABLE_CODE = YES;
				CLANG_WARN__DUPLICATE_METHOD_MATCH = YES;
				COPY_PHASE_STRIP = NO;
				DEBUG_INFORMATION_FORMAT = "dwarf-with-dsym";
				ENABLE_NS_ASSERTIONS = NO;
				ENABLE_STRICT_OBJC_MSGSEND = YES;
				GCC_C_LANGUAGE_STANDARD = gnu11;
				GCC_NO_COMMON_BLOCKS = YES;
				GCC_WARN_64_TO_32_BIT_CONVERSION = YES;
				GCC_WARN_ABOUT_RETURN_TYPE = YES_ERROR;
				GCC_WARN_UNDECLARED_SELECTOR = YES;
				GCC_WARN_UNINITIALIZED_AUTOS = YES_AGGRESSIVE;
				GCC_WARN_UNUSED_FUNCTION = YES;
				GCC_WARN_UNUSED_VARIABLE = YES;
				IPHONEOS_DEPLOYMENT_TARGET = 15.5;
				MTL_ENABLE_DEBUG_INFO = NO;
				MTL_FAST_MATH = YES;
				SDKROOT = iphoneos;
				SWIFT_COMPILATION_MODE = wholemodule;
				SWIFT_OPTIMIZATION_LEVEL = "-O";
				VALIDATE_PRODUCT = YES;
			};
			name = Release;
		};
		83F4024E28F4242C004D19D4 /* Debug */ = {
			isa = XCBuildConfiguration;
			baseConfigurationReference = 6B5E75288BE9628102BCFBD3 /* Pods-IMSdk-Ios-demo.debug.xcconfig */;
			buildSettings = {
				ARCHS = (
					"$(ARCHS_STANDARD)",
					armv64,
					armv7,
				);
				ASSETCATALOG_COMPILER_APPICON_NAME = AppIcon;
				ASSETCATALOG_COMPILER_GLOBAL_ACCENT_COLOR_NAME = AccentColor;
				"CODE_SIGN_IDENTITY[sdk=iphoneos*]" = "iPhone Developer";
				CODE_SIGN_STYLE = Manual;
				CURRENT_PROJECT_VERSION = 1;
				DEVELOPMENT_TEAM = "";
				"DEVELOPMENT_TEAM[sdk=iphoneos*]" = 3VV3V74D8A;
				GENERATE_INFOPLIST_FILE = YES;
				INFOPLIST_FILE = "IMSdk-Ios-demo/Info.plist";
				INFOPLIST_KEY_NSPhotoLibraryUsageDescription = "";
				INFOPLIST_KEY_UIApplicationSupportsIndirectInputEvents = YES;
				INFOPLIST_KEY_UILaunchStoryboardName = LaunchScreen;
				INFOPLIST_KEY_UIMainStoryboardFile = Main;
				INFOPLIST_KEY_UISupportedInterfaceOrientations_iPad = "UIInterfaceOrientationPortrait UIInterfaceOrientationPortraitUpsideDown UIInterfaceOrientationLandscapeLeft UIInterfaceOrientationLandscapeRight";
				INFOPLIST_KEY_UISupportedInterfaceOrientations_iPhone = "UIInterfaceOrientationPortrait UIInterfaceOrientationLandscapeLeft UIInterfaceOrientationLandscapeRight";
				IPHONEOS_DEPLOYMENT_TARGET = 11.0;
				LD_RUNPATH_SEARCH_PATHS = (
					"$(inherited)",
					"@executable_path/Frameworks",
				);
				MARKETING_VERSION = 1.0;
				ONLY_ACTIVE_ARCH = YES;
				PRODUCT_BUNDLE_IDENTIFIER = com.oceanTest.com;
				PRODUCT_NAME = "$(TARGET_NAME)";
				PROVISIONING_PROFILE_SPECIFIER = "";
				"PROVISIONING_PROFILE_SPECIFIER[sdk=iphoneos*]" = oceanTest_Dev;
				SWIFT_EMIT_LOC_STRINGS = YES;
				SWIFT_VERSION = 5.0;
				TARGETED_DEVICE_FAMILY = "1,2";
			};
			name = Debug;
		};
		83F4024F28F4242C004D19D4 /* Release */ = {
			isa = XCBuildConfiguration;
			baseConfigurationReference = E9D07147EBF49BFE2CB44255 /* Pods-IMSdk-Ios-demo.release.xcconfig */;
			buildSettings = {
				ARCHS = (
					"$(ARCHS_STANDARD)",
					armv64,
					armv7,
				);
				ASSETCATALOG_COMPILER_APPICON_NAME = AppIcon;
				ASSETCATALOG_COMPILER_GLOBAL_ACCENT_COLOR_NAME = AccentColor;
				"CODE_SIGN_IDENTITY[sdk=iphoneos*]" = "iPhone Developer";
				CODE_SIGN_STYLE = Manual;
				CURRENT_PROJECT_VERSION = 1;
				DEVELOPMENT_TEAM = "";
				"DEVELOPMENT_TEAM[sdk=iphoneos*]" = 3VV3V74D8A;
				GENERATE_INFOPLIST_FILE = YES;
				INFOPLIST_FILE = "IMSdk-Ios-demo/Info.plist";
				INFOPLIST_KEY_NSPhotoLibraryUsageDescription = "";
				INFOPLIST_KEY_UIApplicationSupportsIndirectInputEvents = YES;
				INFOPLIST_KEY_UILaunchStoryboardName = LaunchScreen;
				INFOPLIST_KEY_UIMainStoryboardFile = Main;
				INFOPLIST_KEY_UISupportedInterfaceOrientations_iPad = "UIInterfaceOrientationPortrait UIInterfaceOrientationPortraitUpsideDown UIInterfaceOrientationLandscapeLeft UIInterfaceOrientationLandscapeRight";
				INFOPLIST_KEY_UISupportedInterfaceOrientations_iPhone = "UIInterfaceOrientationPortrait UIInterfaceOrientationLandscapeLeft UIInterfaceOrientationLandscapeRight";
				IPHONEOS_DEPLOYMENT_TARGET = 11.0;
				LD_RUNPATH_SEARCH_PATHS = (
					"$(inherited)",
					"@executable_path/Frameworks",
				);
				MARKETING_VERSION = 1.0;
				ONLY_ACTIVE_ARCH = NO;
				PRODUCT_BUNDLE_IDENTIFIER = com.oceanTest.com;
				PRODUCT_NAME = "$(TARGET_NAME)";
				PROVISIONING_PROFILE_SPECIFIER = "";
				"PROVISIONING_PROFILE_SPECIFIER[sdk=iphoneos*]" = oceanTest_Dev;
				SWIFT_EMIT_LOC_STRINGS = YES;
				SWIFT_VERSION = 5.0;
				TARGETED_DEVICE_FAMILY = "1,2";
			};
			name = Release;
		};
		83F4025128F4242C004D19D4 /* Debug */ = {
			isa = XCBuildConfiguration;
			buildSettings = {
				ALWAYS_EMBED_SWIFT_STANDARD_LIBRARIES = YES;
				BUNDLE_LOADER = "$(TEST_HOST)";
				CODE_SIGN_STYLE = Automatic;
				CURRENT_PROJECT_VERSION = 1;
				GENERATE_INFOPLIST_FILE = YES;
				IPHONEOS_DEPLOYMENT_TARGET = 11.0;
				MARKETING_VERSION = 1.0;
				PRODUCT_BUNDLE_IDENTIFIER = "com.xudehuai.IMSdk-Ios-demoTests";
				PRODUCT_NAME = "$(TARGET_NAME)";
				SWIFT_EMIT_LOC_STRINGS = NO;
				SWIFT_VERSION = 5.0;
				TARGETED_DEVICE_FAMILY = "1,2";
				TEST_HOST = "$(BUILT_PRODUCTS_DIR)/IMSdk-Ios-demo.app/IMSdk-Ios-demo";
			};
			name = Debug;
		};
		83F4025228F4242C004D19D4 /* Release */ = {
			isa = XCBuildConfiguration;
			buildSettings = {
				ALWAYS_EMBED_SWIFT_STANDARD_LIBRARIES = YES;
				BUNDLE_LOADER = "$(TEST_HOST)";
				CODE_SIGN_STYLE = Automatic;
				CURRENT_PROJECT_VERSION = 1;
				GENERATE_INFOPLIST_FILE = YES;
				IPHONEOS_DEPLOYMENT_TARGET = 11.0;
				MARKETING_VERSION = 1.0;
				PRODUCT_BUNDLE_IDENTIFIER = "com.xudehuai.IMSdk-Ios-demoTests";
				PRODUCT_NAME = "$(TARGET_NAME)";
				SWIFT_EMIT_LOC_STRINGS = NO;
				SWIFT_VERSION = 5.0;
				TARGETED_DEVICE_FAMILY = "1,2";
				TEST_HOST = "$(BUILT_PRODUCTS_DIR)/IMSdk-Ios-demo.app/IMSdk-Ios-demo";
			};
			name = Release;
		};
		83F4025428F4242C004D19D4 /* Debug */ = {
			isa = XCBuildConfiguration;
			buildSettings = {
				ALWAYS_EMBED_SWIFT_STANDARD_LIBRARIES = YES;
				CODE_SIGN_STYLE = Automatic;
				CURRENT_PROJECT_VERSION = 1;
				GENERATE_INFOPLIST_FILE = YES;
				MARKETING_VERSION = 1.0;
				PRODUCT_BUNDLE_IDENTIFIER = "com.xudehuai.IMSdk-Ios-demoUITests";
				PRODUCT_NAME = "$(TARGET_NAME)";
				SWIFT_EMIT_LOC_STRINGS = NO;
				SWIFT_VERSION = 5.0;
				TARGETED_DEVICE_FAMILY = "1,2";
				TEST_TARGET_NAME = "IMSdk-Ios-demo";
			};
			name = Debug;
		};
		83F4025528F4242C004D19D4 /* Release */ = {
			isa = XCBuildConfiguration;
			buildSettings = {
				ALWAYS_EMBED_SWIFT_STANDARD_LIBRARIES = YES;
				CODE_SIGN_STYLE = Automatic;
				CURRENT_PROJECT_VERSION = 1;
				GENERATE_INFOPLIST_FILE = YES;
				MARKETING_VERSION = 1.0;
				PRODUCT_BUNDLE_IDENTIFIER = "com.xudehuai.IMSdk-Ios-demoUITests";
				PRODUCT_NAME = "$(TARGET_NAME)";
				SWIFT_EMIT_LOC_STRINGS = NO;
				SWIFT_VERSION = 5.0;
				TARGETED_DEVICE_FAMILY = "1,2";
				TEST_TARGET_NAME = "IMSdk-Ios-demo";
			};
			name = Release;
		};
/* End XCBuildConfiguration section */

/* Begin XCConfigurationList section */
		83F4021B28F4242A004D19D4 /* Build configuration list for PBXProject "IMSdk-Ios-demo" */ = {
			isa = XCConfigurationList;
			buildConfigurations = (
				83F4024B28F4242C004D19D4 /* Debug */,
				83F4024C28F4242C004D19D4 /* Release */,
			);
			defaultConfigurationIsVisible = 0;
			defaultConfigurationName = Release;
		};
		83F4024D28F4242C004D19D4 /* Build configuration list for PBXNativeTarget "IMSdk-Ios-demo" */ = {
			isa = XCConfigurationList;
			buildConfigurations = (
				83F4024E28F4242C004D19D4 /* Debug */,
				83F4024F28F4242C004D19D4 /* Release */,
			);
			defaultConfigurationIsVisible = 0;
			defaultConfigurationName = Release;
		};
		83F4025028F4242C004D19D4 /* Build configuration list for PBXNativeTarget "IMSdk-Ios-demoTests" */ = {
			isa = XCConfigurationList;
			buildConfigurations = (
				83F4025128F4242C004D19D4 /* Debug */,
				83F4025228F4242C004D19D4 /* Release */,
			);
			defaultConfigurationIsVisible = 0;
			defaultConfigurationName = Release;
		};
		83F4025328F4242C004D19D4 /* Build configuration list for PBXNativeTarget "IMSdk-Ios-demoUITests" */ = {
			isa = XCConfigurationList;
			buildConfigurations = (
				83F4025428F4242C004D19D4 /* Debug */,
				83F4025528F4242C004D19D4 /* Release */,
			);
			defaultConfigurationIsVisible = 0;
			defaultConfigurationName = Release;
		};
/* End XCConfigurationList section */

/* Begin XCVersionGroup section */
		83F4022C28F4242A004D19D4 /* IMSdk_Ios_demo.xcdatamodeld */ = {
			isa = XCVersionGroup;
			children = (
				83F4022D28F4242A004D19D4 /* IMSdk_Ios_demo.xcdatamodel */,
			);
			currentVersion = 83F4022D28F4242A004D19D4 /* IMSdk_Ios_demo.xcdatamodel */;
			path = IMSdk_Ios_demo.xcdatamodeld;
			sourceTree = "<group>";
			versionGroupType = wrapper.xcdatamodel;
		};
/* End XCVersionGroup section */
	};
	rootObject = 83F4021828F4242A004D19D4 /* Project object */;
}
